PODS:
  - Alamofire (5.8.1)
  - KakaoSDKAuth (2.20.0):
    - KakaoSDKCommon (= 2.20.0)
  - KakaoSDKCommon (2.20.0):
    - KakaoSDKCommon/Common (= 2.20.0)
    - KakaoSDKCommon/Network (= 2.20.0)
  - KakaoSDKCommon/Common (2.20.0)
  - KakaoSDKCommon/Network (2.20.0):
    - Alamofire (~> 5.1)
    - KakaoSDKCommon/Common (= 2.20.0)
  - KakaoSDKUser (2.20.0):
    - KakaoSDKAuth (= 2.20.0)

DEPENDENCIES:
  - KakaoSDKAuth
  - KakaoSDKUser

SPEC REPOS:
  trunk:
    - Alamofire
    - KakaoSDKAuth
    - KakaoSDKCommon
    - KakaoSDKUser

SPEC CHECKSUMS:
  Alamofire: 3ca42e259043ee0dc5c0cdd76c4bc568b8e42af7
  KakaoSDKAuth: 02742f4681af6da8c4aa7b0f71df98ca9e7df834
  KakaoSDKCommon: 060a8085733a215a048f9bf9b39a846d1be1daee
  KakaoSDKUser: 0594b37675fb634304da3ecc83830c0ec84ceef5

PODFILE CHECKSUM: 4b3a68cf837de2b9dca3b529f0c8f8782e24fb81

COCOAPODS: 1.13.0
