// !$*UTF8*$!
{
	archiveVersion = 1;
	classes = {
	};
	objectVersion = 56;
	objects = {

/* Begin PBXBuildFile section */
		600846DB2C3DB6FF00DE64E2 /* .gitattributes in Resources */ = {isa = PBXBuildFile; fileRef = 600846D92C3DB6FF00DE64E2 /* .gitattributes */; };
		600941662C4A546700BA9123 /* FirebaseService.swift in Sources */ = {isa = PBXBuildFile; fileRef = 600941652C4A546600BA9123 /* FirebaseService.swift */; };
		600941682C4D7F0400BA9123 /* SignUpVC.swift in Sources */ = {isa = PBXBuildFile; fileRef = 600941672C4D7F0400BA9123 /* SignUpVC.swift */; };
		6009416B2C4E4D0A00BA9123 /* Polygon.png in Resources */ = {isa = PBXBuildFile; fileRef = 6009416A2C4E4D0A00BA9123 /* Polygon.png */; };
		600941702C4E5CB800BA9123 /* FirebaseFirestore in Frameworks */ = {isa = PBXBuildFile; productRef = 6009416F2C4E5CB800BA9123 /* FirebaseFirestore */; };
		600941722C4E5CB800BA9123 /* FirebaseStorage in Frameworks */ = {isa = PBXBuildFile; productRef = 600941712C4E5CB800BA9123 /* FirebaseStorage */; };
		600941792C4EBA4200BA9123 /* RxGesture in Frameworks */ = {isa = PBXBuildFile; productRef = 600941782C4EBA4200BA9123 /* RxGesture */; };
		600941992C575E6A00BA9123 /* LoginReactor.swift in Sources */ = {isa = PBXBuildFile; fileRef = 600941982C575E6A00BA9123 /* LoginReactor.swift */; };
		6009419C2C5770D300BA9123 /* Enums.swift in Sources */ = {isa = PBXBuildFile; fileRef = 6009419B2C5770D300BA9123 /* Enums.swift */; };
		6009419F2C5776C700BA9123 /* GoogleService.swift in Sources */ = {isa = PBXBuildFile; fileRef = 6009419E2C5776C700BA9123 /* GoogleService.swift */; };
		600941A12C5777EA00BA9123 /* Errors.swift in Sources */ = {isa = PBXBuildFile; fileRef = 600941A02C5777EA00BA9123 /* Errors.swift */; };
		600941A82C58C8A700BA9123 /* SignUpReactor.swift in Sources */ = {isa = PBXBuildFile; fileRef = 600941A72C58C8A700BA9123 /* SignUpReactor.swift */; };
		600941AA2C58CAEC00BA9123 /* ServiceProviderProtocol.swift in Sources */ = {isa = PBXBuildFile; fileRef = 600941A92C58CAEC00BA9123 /* ServiceProviderProtocol.swift */; };
		600941AC2C58CB9100BA9123 /* BaseService.swift in Sources */ = {isa = PBXBuildFile; fileRef = 600941AB2C58CB9100BA9123 /* BaseService.swift */; };
		6023EBEE2C6C5A8F009755A0 /* DataService.swift in Sources */ = {isa = PBXBuildFile; fileRef = 6023EBED2C6C5A8F009755A0 /* DataService.swift */; };
		6023EBF02C6F3B53009755A0 /* TeamModel.swift in Sources */ = {isa = PBXBuildFile; fileRef = 6023EBEF2C6F3B52009755A0 /* TeamModel.swift */; };
		6023EC6C2C75DA6E009755A0 /* TeamCells.swift in Sources */ = {isa = PBXBuildFile; fileRef = 6023EC6B2C75DA6E009755A0 /* TeamCells.swift */; };
		6030755A2C7EA43E009D9AD0 /* DropDown.framework in Embed Frameworks */ = {isa = PBXBuildFile; fileRef = 603075592C7EA429009D9AD0 /* DropDown.framework */; settings = {ATTRIBUTES = (CodeSignOnCopy, RemoveHeadersOnCopy, ); }; };
		603425902C3DAB7900DA49D5 /* KakaoService.swift in Sources */ = {isa = PBXBuildFile; fileRef = 6034257A2C3DAB7900DA49D5 /* KakaoService.swift */; };
		603425912C3DAB7900DA49D5 /* GoogleService-Info.plist in Resources */ = {isa = PBXBuildFile; fileRef = 6034257B2C3DAB7900DA49D5 /* GoogleService-Info.plist */; };
		603425932C3DAB7900DA49D5 /* BuilderVC.swift in Sources */ = {isa = PBXBuildFile; fileRef = 6034257D2C3DAB7900DA49D5 /* BuilderVC.swift */; };
		604605042C61D22500C0D4E7 /* AlgoliaSearchClient in Frameworks */ = {isa = PBXBuildFile; productRef = 604605032C61D22500C0D4E7 /* AlgoliaSearchClient */; };
		604605072C61D29C00C0D4E7 /* BasketStat_UIKitTests.swift in Sources */ = {isa = PBXBuildFile; fileRef = BD0D63E72C3CB6E5004D3EE6 /* BasketStat_UIKitTests.swift */; };
		60550D912C59F1A50027CF4E /* KeyBoard.swift in Sources */ = {isa = PBXBuildFile; fileRef = 60550D902C59F1A50027CF4E /* KeyBoard.swift */; };
		60550D932C5A0A5B0027CF4E /* Encodable+.swift in Sources */ = {isa = PBXBuildFile; fileRef = 60550D922C5A0A5B0027CF4E /* Encodable+.swift */; };
		60550D982C5B79D30027CF4E /* FirebaseFirestoreSwift in Frameworks */ = {isa = PBXBuildFile; productRef = 60550D972C5B79D30027CF4E /* FirebaseFirestoreSwift */; };
		60550D9B2C5CA28C0027CF4E /* MainVC.swift in Sources */ = {isa = PBXBuildFile; fileRef = 60550D9A2C5CA28C0027CF4E /* MainVC.swift */; };
		60550D9D2C5CA7F80027CF4E /* MainReactor.swift in Sources */ = {isa = PBXBuildFile; fileRef = 60550D9C2C5CA7F80027CF4E /* MainReactor.swift */; };
		60550DAE2C609F3A0027CF4E /* GameStatVC.swift in Sources */ = {isa = PBXBuildFile; fileRef = 60550DAD2C609F3A0027CF4E /* GameStatVC.swift */; };
		60550DB12C60CB380027CF4E /* BuilderReactor.swift in Sources */ = {isa = PBXBuildFile; fileRef = 60550DB02C60CB380027CF4E /* BuilderReactor.swift */; };
		60550DBB2C610E910027CF4E /* KakaoLogo.png in Resources */ = {isa = PBXBuildFile; fileRef = 60550DB82C610E910027CF4E /* KakaoLogo.png */; };
		60550DBC2C610E910027CF4E /* AppleLogo.png in Resources */ = {isa = PBXBuildFile; fileRef = 60550DB92C610E910027CF4E /* AppleLogo.png */; };
		60550DBD2C610E910027CF4E /* GoogleLogo.png in Resources */ = {isa = PBXBuildFile; fileRef = 60550DBA2C610E910027CF4E /* GoogleLogo.png */; };
		60550DC32C613C8C0027CF4E /* AlgoliaSearchClient in Frameworks */ = {isa = PBXBuildFile; productRef = 60550DC22C613C8C0027CF4E /* AlgoliaSearchClient */; };
		60550DC52C613CD70027CF4E /* SearchVC.swift in Sources */ = {isa = PBXBuildFile; fileRef = 60550DC42C613CD20027CF4E /* SearchVC.swift */; };
		60550DC82C613D1B0027CF4E /* SearchReactor.swift in Sources */ = {isa = PBXBuildFile; fileRef = 60550DC72C613D1B0027CF4E /* SearchReactor.swift */; };
		608BD4E62C4804180003CCA0 /* mainIcon.png in Resources */ = {isa = PBXBuildFile; fileRef = 608BD4E52C4804180003CCA0 /* mainIcon.png */; };
		60A0A27D2C80C3D7003AE6AF /* Config.xcconfig in Resources */ = {isa = PBXBuildFile; fileRef = BD0EE6682C79ABD8000D503C /* Config.xcconfig */; };
		60A0A2912C85F294003AE6AF /* PickPlayersVC.swift in Sources */ = {isa = PBXBuildFile; fileRef = 60A0A2902C85F294003AE6AF /* PickPlayersVC.swift */; };
		60A0A2932C85F2A2003AE6AF /* PickPlayersReactor.swift in Sources */ = {isa = PBXBuildFile; fileRef = 60A0A2922C85F2A2003AE6AF /* PickPlayersReactor.swift */; };
		60A653C42C940F2100659A8D /* CustomUserDefault.swift in Sources */ = {isa = PBXBuildFile; fileRef = 60A653C32C940F2100659A8D /* CustomUserDefault.swift */; };
		60A653CC2C99936000659A8D /* CustomAlert.swift in Sources */ = {isa = PBXBuildFile; fileRef = 60A653CB2C99936000659A8D /* CustomAlert.swift */; };
		60E334C92C59815000B110D2 /* PlayerModel.swift in Sources */ = {isa = PBXBuildFile; fileRef = 60E334C72C59815000B110D2 /* PlayerModel.swift */; };
		60E334CB2C59816200B110D2 /* LoginVC.swift in Sources */ = {isa = PBXBuildFile; fileRef = 60E334CA2C59816200B110D2 /* LoginVC.swift */; };
		60E334D12C59D65D00B110D2 /* DefaultProfileImage.png in Resources */ = {isa = PBXBuildFile; fileRef = 60E334D02C59D65D00B110D2 /* DefaultProfileImage.png */; };
		60FA94592C61D4F400F2A7ED /* XCTest.framework in Frameworks */ = {isa = PBXBuildFile; fileRef = 60FA94582C61D4F400F2A7ED /* XCTest.framework */; };
		60FA945A2C61DA0300F2A7ED /* PlayerModel.swift in Sources */ = {isa = PBXBuildFile; fileRef = 60E334C72C59815000B110D2 /* PlayerModel.swift */; };
		60FA945C2C6202EF00F2A7ED /* AlgoliaService.swift in Sources */ = {isa = PBXBuildFile; fileRef = 60FA945B2C6202EF00F2A7ED /* AlgoliaService.swift */; };
		60FA94612C62194A00F2A7ED /* PlayerCells.swift in Sources */ = {isa = PBXBuildFile; fileRef = 60FA94602C62194A00F2A7ED /* PlayerCells.swift */; };
		60FA94642C621D9A00F2A7ED /* Kingfisher in Frameworks */ = {isa = PBXBuildFile; productRef = 60FA94632C621D9A00F2A7ED /* Kingfisher */; };
		60FA946B2C6293F800F2A7ED /* plus.png in Resources */ = {isa = PBXBuildFile; fileRef = 60FA946A2C6293F700F2A7ED /* plus.png */; };
		BD0D63D12C3CB6E4004D3EE6 /* AppDelegate.swift in Sources */ = {isa = PBXBuildFile; fileRef = BD0D63D02C3CB6E4004D3EE6 /* AppDelegate.swift */; };
		BD0D63D32C3CB6E4004D3EE6 /* SceneDelegate.swift in Sources */ = {isa = PBXBuildFile; fileRef = BD0D63D22C3CB6E4004D3EE6 /* SceneDelegate.swift */; };
		BD0D63DA2C3CB6E5004D3EE6 /* Assets.xcassets in Resources */ = {isa = PBXBuildFile; fileRef = BD0D63D92C3CB6E5004D3EE6 /* Assets.xcassets */; };
		BD0D63DD2C3CB6E5004D3EE6 /* Base in Resources */ = {isa = PBXBuildFile; fileRef = BD0D63DC2C3CB6E5004D3EE6 /* Base */; };
		BD0D63F22C3CB6E5004D3EE6 /* BasketStat_UIKitUITests.swift in Sources */ = {isa = PBXBuildFile; fileRef = BD0D63F12C3CB6E5004D3EE6 /* BasketStat_UIKitUITests.swift */; };
		BD0D63F42C3CB6E5004D3EE6 /* BasketStat_UIKitUITestsLaunchTests.swift in Sources */ = {isa = PBXBuildFile; fileRef = BD0D63F32C3CB6E5004D3EE6 /* BasketStat_UIKitUITestsLaunchTests.swift */; };
		BD0D64122C3CDC13004D3EE6 /* UIColor+Extension.swift in Sources */ = {isa = PBXBuildFile; fileRef = BD0D64112C3CDC13004D3EE6 /* UIColor+Extension.swift */; };
		BD1223E42C70DB7F00DF155C /* UIButton+Extension.swift in Sources */ = {isa = PBXBuildFile; fileRef = BD1223E32C70DB7F00DF155C /* UIButton+Extension.swift */; };
		BD1223E62C70E94E00DF155C /* UISegment+Extension.swift in Sources */ = {isa = PBXBuildFile; fileRef = BD1223E52C70E94E00DF155C /* UISegment+Extension.swift */; };
		BD1223E82C70EF6D00DF155C /* UIStackView+Extension.swift in Sources */ = {isa = PBXBuildFile; fileRef = BD1223E72C70EF6D00DF155C /* UIStackView+Extension.swift */; };
		BD1223EA2C710E4100DF155C /* GamePlayerManager.swift in Sources */ = {isa = PBXBuildFile; fileRef = BD1223E92C710E4100DF155C /* GamePlayerManager.swift */; };
		BD1223F02C72D61400DF155C /* GameStat.xcdatamodeld in Sources */ = {isa = PBXBuildFile; fileRef = BD1223EE2C72D61400DF155C /* GameStat.xcdatamodeld */; };
		BD12245B2C74EE5300DF155C /* PlayerEntity+CoreDataClass.swift in Sources */ = {isa = PBXBuildFile; fileRef = BD1224592C74EE4C00DF155C /* PlayerEntity+CoreDataClass.swift */; };
		BD12245C2C74EE5300DF155C /* PlayerEntity+CoreDataProperties.swift in Sources */ = {isa = PBXBuildFile; fileRef = BD12245A2C74EE4C00DF155C /* PlayerEntity+CoreDataProperties.swift */; };
		BD35729C2C461002004CB49F /* GameStatReactor.swift in Sources */ = {isa = PBXBuildFile; fileRef = BD35729B2C461002004CB49F /* GameStatReactor.swift */; };
		BD3572AA2C463A3A004CB49F /* KakaoSDK in Frameworks */ = {isa = PBXBuildFile; productRef = BD3572A92C463A3A004CB49F /* KakaoSDK */; };
		BD3572AC2C463A3A004CB49F /* KakaoSDKAuth in Frameworks */ = {isa = PBXBuildFile; productRef = BD3572AB2C463A3A004CB49F /* KakaoSDKAuth */; };
		BD3572AF2C463A5B004CB49F /* GoogleSignIn in Frameworks */ = {isa = PBXBuildFile; productRef = BD3572AE2C463A5B004CB49F /* GoogleSignIn */; };
		BD3572B22C463A67004CB49F /* SnapKit in Frameworks */ = {isa = PBXBuildFile; productRef = BD3572B12C463A67004CB49F /* SnapKit */; };
		BD3572B52C463A72004CB49F /* Then in Frameworks */ = {isa = PBXBuildFile; productRef = BD3572B42C463A72004CB49F /* Then */; };
		BD3572B82C463AAE004CB49F /* RxCocoa in Frameworks */ = {isa = PBXBuildFile; productRef = BD3572B72C463AAE004CB49F /* RxCocoa */; };
		BD3572BA2C463AAE004CB49F /* RxSwift in Frameworks */ = {isa = PBXBuildFile; productRef = BD3572B92C463AAE004CB49F /* RxSwift */; };
		BD3572BD2C463AC4004CB49F /* ReactorKit in Frameworks */ = {isa = PBXBuildFile; productRef = BD3572BC2C463AC4004CB49F /* ReactorKit */; };
		BD3572C02C463AEF004CB49F /* Moya in Frameworks */ = {isa = PBXBuildFile; productRef = BD3572BF2C463AEF004CB49F /* Moya */; };
		BD3572C22C463AEF004CB49F /* ReactiveMoya in Frameworks */ = {isa = PBXBuildFile; productRef = BD3572C12C463AEF004CB49F /* ReactiveMoya */; };
		BD3572C42C463AEF004CB49F /* RxMoya in Frameworks */ = {isa = PBXBuildFile; productRef = BD3572C32C463AEF004CB49F /* RxMoya */; };
		BD3572C72C463B32004CB49F /* FirebaseAuth in Frameworks */ = {isa = PBXBuildFile; productRef = BD3572C62C463B32004CB49F /* FirebaseAuth */; };
		BD3572D52C46A592004CB49F /* UIFont+Extension.swift in Sources */ = {isa = PBXBuildFile; fileRef = BD3572D42C46A591004CB49F /* UIFont+Extension.swift */; };
		BD8B9D8B2C55529C000AB1B0 /* StatStore.swift in Sources */ = {isa = PBXBuildFile; fileRef = BD8B9D8A2C55529C000AB1B0 /* StatStore.swift */; };
		BDA48F352C46A9EA002F75D9 /* Pretendard-Regular.ttf in Resources */ = {isa = PBXBuildFile; fileRef = BDA48F2C2C46A9E8002F75D9 /* Pretendard-Regular.ttf */; };
		BDA48F362C46A9EA002F75D9 /* Pretendard-SemiBold.ttf in Resources */ = {isa = PBXBuildFile; fileRef = BDA48F2D2C46A9E8002F75D9 /* Pretendard-SemiBold.ttf */; };
		BDA48F372C46A9EA002F75D9 /* Pretendard-Medium.ttf in Resources */ = {isa = PBXBuildFile; fileRef = BDA48F2E2C46A9E8002F75D9 /* Pretendard-Medium.ttf */; };
		BDA48F382C46A9EA002F75D9 /* Pretendard-ExtraBold.ttf in Resources */ = {isa = PBXBuildFile; fileRef = BDA48F2F2C46A9E8002F75D9 /* Pretendard-ExtraBold.ttf */; };
		BDA48F392C46A9EA002F75D9 /* Pretendard-Light.ttf in Resources */ = {isa = PBXBuildFile; fileRef = BDA48F302C46A9E9002F75D9 /* Pretendard-Light.ttf */; };
		BDA48F3A2C46A9EA002F75D9 /* Pretendard-Black.ttf in Resources */ = {isa = PBXBuildFile; fileRef = BDA48F312C46A9E9002F75D9 /* Pretendard-Black.ttf */; };
		BDA48F3B2C46A9EA002F75D9 /* Pretendard-Thin.ttf in Resources */ = {isa = PBXBuildFile; fileRef = BDA48F322C46A9E9002F75D9 /* Pretendard-Thin.ttf */; };
		BDA48F3C2C46A9EA002F75D9 /* Pretendard-Bold.ttf in Resources */ = {isa = PBXBuildFile; fileRef = BDA48F332C46A9E9002F75D9 /* Pretendard-Bold.ttf */; };
		BDA48F3D2C46A9EA002F75D9 /* Pretendard-ExtraLight.ttf in Resources */ = {isa = PBXBuildFile; fileRef = BDA48F342C46A9EA002F75D9 /* Pretendard-ExtraLight.ttf */; };
/* End PBXBuildFile section */

/* Begin PBXContainerItemProxy section */
		603075542C7EA429009D9AD0 /* PBXContainerItemProxy */ = {
			isa = PBXContainerItemProxy;
			containerPortal = 6030754E2C7EA429009D9AD0 /* DropDown.xcodeproj */;
			proxyType = 2;
			remoteGlobalIDString = 0A76440F1B676C2300BF1A2D;
			remoteInfo = Demo;
		};
		603075562C7EA429009D9AD0 /* PBXContainerItemProxy */ = {
			isa = PBXContainerItemProxy;
			containerPortal = 6030754E2C7EA429009D9AD0 /* DropDown.xcodeproj */;
			proxyType = 2;
			remoteGlobalIDString = 0A7644241B676C2300BF1A2D;
			remoteInfo = DropDownTests;
		};
		603075582C7EA429009D9AD0 /* PBXContainerItemProxy */ = {
			isa = PBXContainerItemProxy;
			containerPortal = 6030754E2C7EA429009D9AD0 /* DropDown.xcodeproj */;
			proxyType = 2;
			remoteGlobalIDString = 0AB5D8711D0EEECD002D3A17;
			remoteInfo = DropDown;
		};
		6030755B2C7EA442009D9AD0 /* PBXContainerItemProxy */ = {
			isa = PBXContainerItemProxy;
			containerPortal = 6030754E2C7EA429009D9AD0 /* DropDown.xcodeproj */;
			proxyType = 1;
			remoteGlobalIDString = 0AB5D8701D0EEECD002D3A17;
			remoteInfo = DropDown;
		};
		60550DD42C61C6BA0027CF4E /* PBXContainerItemProxy */ = {
			isa = PBXContainerItemProxy;
			containerPortal = BD0D63C52C3CB6E4004D3EE6 /* Project object */;
			proxyType = 1;
			remoteGlobalIDString = BD0D63CC2C3CB6E4004D3EE6;
			remoteInfo = BasketStat_UIKit;
		};
		BD0D63E42C3CB6E5004D3EE6 /* PBXContainerItemProxy */ = {
			isa = PBXContainerItemProxy;
			containerPortal = BD0D63C52C3CB6E4004D3EE6 /* Project object */;
			proxyType = 1;
			remoteGlobalIDString = BD0D63CC2C3CB6E4004D3EE6;
			remoteInfo = BasketStat_UIKit;
		};
		BD0D63EE2C3CB6E5004D3EE6 /* PBXContainerItemProxy */ = {
			isa = PBXContainerItemProxy;
			containerPortal = BD0D63C52C3CB6E4004D3EE6 /* Project object */;
			proxyType = 1;
			remoteGlobalIDString = BD0D63CC2C3CB6E4004D3EE6;
			remoteInfo = BasketStat_UIKit;
		};
/* End PBXContainerItemProxy section */

/* Begin PBXCopyFilesBuildPhase section */
		6009418B2C4FE6F400BA9123 /* Embed Frameworks */ = {
			isa = PBXCopyFilesBuildPhase;
			buildActionMask = 2147483647;
			dstPath = "";
			dstSubfolderSpec = 10;
			files = (
				6030755A2C7EA43E009D9AD0 /* DropDown.framework in Embed Frameworks */,
			);
			name = "Embed Frameworks";
			runOnlyForDeploymentPostprocessing = 0;
		};
/* End PBXCopyFilesBuildPhase section */

/* Begin PBXFileReference section */
		600846D92C3DB6FF00DE64E2 /* .gitattributes */ = {isa = PBXFileReference; fileEncoding = 4; lastKnownFileType = text; path = .gitattributes; sourceTree = "<group>"; };
		600941652C4A546600BA9123 /* FirebaseService.swift */ = {isa = PBXFileReference; lastKnownFileType = sourcecode.swift; path = FirebaseService.swift; sourceTree = "<group>"; };
		600941672C4D7F0400BA9123 /* SignUpVC.swift */ = {isa = PBXFileReference; lastKnownFileType = sourcecode.swift; path = SignUpVC.swift; sourceTree = "<group>"; };
		6009416A2C4E4D0A00BA9123 /* Polygon.png */ = {isa = PBXFileReference; lastKnownFileType = image.png; path = Polygon.png; sourceTree = "<group>"; };
		600941982C575E6A00BA9123 /* LoginReactor.swift */ = {isa = PBXFileReference; lastKnownFileType = sourcecode.swift; path = LoginReactor.swift; sourceTree = "<group>"; };
		6009419B2C5770D300BA9123 /* Enums.swift */ = {isa = PBXFileReference; lastKnownFileType = sourcecode.swift; path = Enums.swift; sourceTree = "<group>"; };
		6009419E2C5776C700BA9123 /* GoogleService.swift */ = {isa = PBXFileReference; lastKnownFileType = sourcecode.swift; path = GoogleService.swift; sourceTree = "<group>"; };
		600941A02C5777EA00BA9123 /* Errors.swift */ = {isa = PBXFileReference; lastKnownFileType = sourcecode.swift; path = Errors.swift; sourceTree = "<group>"; };
		600941A72C58C8A700BA9123 /* SignUpReactor.swift */ = {isa = PBXFileReference; lastKnownFileType = sourcecode.swift; path = SignUpReactor.swift; sourceTree = "<group>"; };
		600941A92C58CAEC00BA9123 /* ServiceProviderProtocol.swift */ = {isa = PBXFileReference; lastKnownFileType = sourcecode.swift; path = ServiceProviderProtocol.swift; sourceTree = "<group>"; };
		600941AB2C58CB9100BA9123 /* BaseService.swift */ = {isa = PBXFileReference; lastKnownFileType = sourcecode.swift; path = BaseService.swift; sourceTree = "<group>"; };
		6023EBED2C6C5A8F009755A0 /* DataService.swift */ = {isa = PBXFileReference; lastKnownFileType = sourcecode.swift; path = DataService.swift; sourceTree = "<group>"; };
		6023EBEF2C6F3B52009755A0 /* TeamModel.swift */ = {isa = PBXFileReference; lastKnownFileType = sourcecode.swift; path = TeamModel.swift; sourceTree = "<group>"; };
		6023EC6B2C75DA6E009755A0 /* TeamCells.swift */ = {isa = PBXFileReference; lastKnownFileType = sourcecode.swift; path = TeamCells.swift; sourceTree = "<group>"; };
		6030754E2C7EA429009D9AD0 /* DropDown.xcodeproj */ = {isa = PBXFileReference; lastKnownFileType = "wrapper.pb-project"; name = DropDown.xcodeproj; path = ../DropDown/DropDown.xcodeproj; sourceTree = "<group>"; };
		6034257A2C3DAB7900DA49D5 /* KakaoService.swift */ = {isa = PBXFileReference; fileEncoding = 4; lastKnownFileType = sourcecode.swift; name = KakaoService.swift; path = /Users/seungwan/xcode/BasketStat/BasketStat_UIKit/BasketStat_UIKit/Services/KakaoService.swift; sourceTree = "<absolute>"; };
		6034257B2C3DAB7900DA49D5 /* GoogleService-Info.plist */ = {isa = PBXFileReference; fileEncoding = 4; lastKnownFileType = text.plist.xml; path = "GoogleService-Info.plist"; sourceTree = "<group>"; };
		6034257D2C3DAB7900DA49D5 /* BuilderVC.swift */ = {isa = PBXFileReference; fileEncoding = 4; lastKnownFileType = sourcecode.swift; path = BuilderVC.swift; sourceTree = "<group>"; };
		6034257E2C3DAB7900DA49D5 /* BasketStat_UIKit.entitlements */ = {isa = PBXFileReference; fileEncoding = 4; lastKnownFileType = text.plist.entitlements; path = BasketStat_UIKit.entitlements; sourceTree = "<group>"; };
		60550D902C59F1A50027CF4E /* KeyBoard.swift */ = {isa = PBXFileReference; lastKnownFileType = sourcecode.swift; path = KeyBoard.swift; sourceTree = "<group>"; };
		60550D922C5A0A5B0027CF4E /* Encodable+.swift */ = {isa = PBXFileReference; lastKnownFileType = sourcecode.swift; path = "Encodable+.swift"; sourceTree = "<group>"; };
		60550D9A2C5CA28C0027CF4E /* MainVC.swift */ = {isa = PBXFileReference; lastKnownFileType = sourcecode.swift; path = MainVC.swift; sourceTree = "<group>"; };
		60550D9C2C5CA7F80027CF4E /* MainReactor.swift */ = {isa = PBXFileReference; lastKnownFileType = sourcecode.swift; path = MainReactor.swift; sourceTree = "<group>"; };
		60550DAD2C609F3A0027CF4E /* GameStatVC.swift */ = {isa = PBXFileReference; fileEncoding = 4; lastKnownFileType = sourcecode.swift; path = GameStatVC.swift; sourceTree = "<group>"; };
		60550DB02C60CB380027CF4E /* BuilderReactor.swift */ = {isa = PBXFileReference; lastKnownFileType = sourcecode.swift; path = BuilderReactor.swift; sourceTree = "<group>"; };
		60550DB82C610E910027CF4E /* KakaoLogo.png */ = {isa = PBXFileReference; lastKnownFileType = image.png; path = KakaoLogo.png; sourceTree = "<group>"; };
		60550DB92C610E910027CF4E /* AppleLogo.png */ = {isa = PBXFileReference; lastKnownFileType = image.png; path = AppleLogo.png; sourceTree = "<group>"; };
		60550DBA2C610E910027CF4E /* GoogleLogo.png */ = {isa = PBXFileReference; lastKnownFileType = image.png; path = GoogleLogo.png; sourceTree = "<group>"; };
		60550DC42C613CD20027CF4E /* SearchVC.swift */ = {isa = PBXFileReference; lastKnownFileType = sourcecode.swift; path = SearchVC.swift; sourceTree = "<group>"; };
		60550DC72C613D1B0027CF4E /* SearchReactor.swift */ = {isa = PBXFileReference; lastKnownFileType = sourcecode.swift; path = SearchReactor.swift; sourceTree = "<group>"; };
		60550DD02C61C6BA0027CF4E /* BasketStat_AlgoliaTests.xctest */ = {isa = PBXFileReference; explicitFileType = wrapper.cfbundle; includeInIndex = 0; path = BasketStat_AlgoliaTests.xctest; sourceTree = BUILT_PRODUCTS_DIR; };
		608BD4E52C4804180003CCA0 /* mainIcon.png */ = {isa = PBXFileReference; lastKnownFileType = image.png; path = mainIcon.png; sourceTree = "<group>"; };
		60A0A2902C85F294003AE6AF /* PickPlayersVC.swift */ = {isa = PBXFileReference; lastKnownFileType = sourcecode.swift; path = PickPlayersVC.swift; sourceTree = "<group>"; };
		60A0A2922C85F2A2003AE6AF /* PickPlayersReactor.swift */ = {isa = PBXFileReference; lastKnownFileType = sourcecode.swift; path = PickPlayersReactor.swift; sourceTree = "<group>"; };
		60A653C32C940F2100659A8D /* CustomUserDefault.swift */ = {isa = PBXFileReference; lastKnownFileType = sourcecode.swift; path = CustomUserDefault.swift; sourceTree = "<group>"; };
		60A653CB2C99936000659A8D /* CustomAlert.swift */ = {isa = PBXFileReference; lastKnownFileType = sourcecode.swift; path = CustomAlert.swift; sourceTree = "<group>"; };
		60E334C72C59815000B110D2 /* PlayerModel.swift */ = {isa = PBXFileReference; fileEncoding = 4; lastKnownFileType = sourcecode.swift; path = PlayerModel.swift; sourceTree = "<group>"; };
		60E334CA2C59816200B110D2 /* LoginVC.swift */ = {isa = PBXFileReference; fileEncoding = 4; lastKnownFileType = sourcecode.swift; path = LoginVC.swift; sourceTree = "<group>"; };
		60E334D02C59D65D00B110D2 /* DefaultProfileImage.png */ = {isa = PBXFileReference; lastKnownFileType = image.png; path = DefaultProfileImage.png; sourceTree = "<group>"; };
		60FA94582C61D4F400F2A7ED /* XCTest.framework */ = {isa = PBXFileReference; lastKnownFileType = wrapper.framework; name = XCTest.framework; path = Platforms/iPhoneOS.platform/Developer/Library/Frameworks/XCTest.framework; sourceTree = DEVELOPER_DIR; };
		60FA945B2C6202EF00F2A7ED /* AlgoliaService.swift */ = {isa = PBXFileReference; lastKnownFileType = sourcecode.swift; path = AlgoliaService.swift; sourceTree = "<group>"; };
		60FA94602C62194A00F2A7ED /* PlayerCells.swift */ = {isa = PBXFileReference; lastKnownFileType = sourcecode.swift; path = PlayerCells.swift; sourceTree = "<group>"; };
		60FA946A2C6293F700F2A7ED /* plus.png */ = {isa = PBXFileReference; lastKnownFileType = image.png; path = plus.png; sourceTree = "<group>"; };
		BD0D63CD2C3CB6E4004D3EE6 /* BasketStat_UIKit.app */ = {isa = PBXFileReference; explicitFileType = wrapper.application; includeInIndex = 0; path = BasketStat_UIKit.app; sourceTree = BUILT_PRODUCTS_DIR; };
		BD0D63D02C3CB6E4004D3EE6 /* AppDelegate.swift */ = {isa = PBXFileReference; lastKnownFileType = sourcecode.swift; path = AppDelegate.swift; sourceTree = "<group>"; };
		BD0D63D22C3CB6E4004D3EE6 /* SceneDelegate.swift */ = {isa = PBXFileReference; lastKnownFileType = sourcecode.swift; path = SceneDelegate.swift; sourceTree = "<group>"; };
		BD0D63D92C3CB6E5004D3EE6 /* Assets.xcassets */ = {isa = PBXFileReference; lastKnownFileType = folder.assetcatalog; path = Assets.xcassets; sourceTree = "<group>"; };
		BD0D63DC2C3CB6E5004D3EE6 /* Base */ = {isa = PBXFileReference; lastKnownFileType = file.storyboard; name = Base; path = Base.lproj/LaunchScreen.storyboard; sourceTree = "<group>"; };
		BD0D63DE2C3CB6E5004D3EE6 /* Info.plist */ = {isa = PBXFileReference; lastKnownFileType = text.plist.xml; path = Info.plist; sourceTree = "<group>"; };
		BD0D63E32C3CB6E5004D3EE6 /* BasketStat_UIKitTests.xctest */ = {isa = PBXFileReference; explicitFileType = wrapper.cfbundle; includeInIndex = 0; path = BasketStat_UIKitTests.xctest; sourceTree = BUILT_PRODUCTS_DIR; };
		BD0D63E72C3CB6E5004D3EE6 /* BasketStat_UIKitTests.swift */ = {isa = PBXFileReference; lastKnownFileType = sourcecode.swift; path = BasketStat_UIKitTests.swift; sourceTree = "<group>"; };
		BD0D63ED2C3CB6E5004D3EE6 /* BasketStat_UIKitUITests.xctest */ = {isa = PBXFileReference; explicitFileType = wrapper.cfbundle; includeInIndex = 0; path = BasketStat_UIKitUITests.xctest; sourceTree = BUILT_PRODUCTS_DIR; };
		BD0D63F12C3CB6E5004D3EE6 /* BasketStat_UIKitUITests.swift */ = {isa = PBXFileReference; lastKnownFileType = sourcecode.swift; path = BasketStat_UIKitUITests.swift; sourceTree = "<group>"; };
		BD0D63F32C3CB6E5004D3EE6 /* BasketStat_UIKitUITestsLaunchTests.swift */ = {isa = PBXFileReference; lastKnownFileType = sourcecode.swift; path = BasketStat_UIKitUITestsLaunchTests.swift; sourceTree = "<group>"; };
		BD0D64112C3CDC13004D3EE6 /* UIColor+Extension.swift */ = {isa = PBXFileReference; lastKnownFileType = sourcecode.swift; path = "UIColor+Extension.swift"; sourceTree = "<group>"; };
		BD0EE6682C79ABD8000D503C /* Config.xcconfig */ = {isa = PBXFileReference; lastKnownFileType = text.xcconfig; path = Config.xcconfig; sourceTree = "<group>"; };
		BD1223E32C70DB7F00DF155C /* UIButton+Extension.swift */ = {isa = PBXFileReference; lastKnownFileType = sourcecode.swift; path = "UIButton+Extension.swift"; sourceTree = "<group>"; };
		BD1223E52C70E94E00DF155C /* UISegment+Extension.swift */ = {isa = PBXFileReference; lastKnownFileType = sourcecode.swift; path = "UISegment+Extension.swift"; sourceTree = "<group>"; };
		BD1223E72C70EF6D00DF155C /* UIStackView+Extension.swift */ = {isa = PBXFileReference; lastKnownFileType = sourcecode.swift; path = "UIStackView+Extension.swift"; sourceTree = "<group>"; };
		BD1223E92C710E4100DF155C /* GamePlayerManager.swift */ = {isa = PBXFileReference; lastKnownFileType = sourcecode.swift; path = GamePlayerManager.swift; sourceTree = "<group>"; };
		BD1223EF2C72D61400DF155C /* PlayerStat.xcdatamodel */ = {isa = PBXFileReference; lastKnownFileType = wrapper.xcdatamodel; path = PlayerStat.xcdatamodel; sourceTree = "<group>"; };
		BD1224592C74EE4C00DF155C /* PlayerEntity+CoreDataClass.swift */ = {isa = PBXFileReference; lastKnownFileType = sourcecode.swift; path = "PlayerEntity+CoreDataClass.swift"; sourceTree = "<group>"; };
		BD12245A2C74EE4C00DF155C /* PlayerEntity+CoreDataProperties.swift */ = {isa = PBXFileReference; lastKnownFileType = sourcecode.swift; path = "PlayerEntity+CoreDataProperties.swift"; sourceTree = "<group>"; };
		BD35729B2C461002004CB49F /* GameStatReactor.swift */ = {isa = PBXFileReference; lastKnownFileType = sourcecode.swift; path = GameStatReactor.swift; sourceTree = "<group>"; };
		BD3572D42C46A591004CB49F /* UIFont+Extension.swift */ = {isa = PBXFileReference; lastKnownFileType = sourcecode.swift; path = "UIFont+Extension.swift"; sourceTree = "<group>"; };
		BD8B9D8A2C55529C000AB1B0 /* StatStore.swift */ = {isa = PBXFileReference; lastKnownFileType = sourcecode.swift; path = StatStore.swift; sourceTree = "<group>"; };
		BDA48F2C2C46A9E8002F75D9 /* Pretendard-Regular.ttf */ = {isa = PBXFileReference; lastKnownFileType = file; path = "Pretendard-Regular.ttf"; sourceTree = "<group>"; };
		BDA48F2D2C46A9E8002F75D9 /* Pretendard-SemiBold.ttf */ = {isa = PBXFileReference; lastKnownFileType = file; path = "Pretendard-SemiBold.ttf"; sourceTree = "<group>"; };
		BDA48F2E2C46A9E8002F75D9 /* Pretendard-Medium.ttf */ = {isa = PBXFileReference; lastKnownFileType = file; path = "Pretendard-Medium.ttf"; sourceTree = "<group>"; };
		BDA48F2F2C46A9E8002F75D9 /* Pretendard-ExtraBold.ttf */ = {isa = PBXFileReference; lastKnownFileType = file; path = "Pretendard-ExtraBold.ttf"; sourceTree = "<group>"; };
		BDA48F302C46A9E9002F75D9 /* Pretendard-Light.ttf */ = {isa = PBXFileReference; lastKnownFileType = file; path = "Pretendard-Light.ttf"; sourceTree = "<group>"; };
		BDA48F312C46A9E9002F75D9 /* Pretendard-Black.ttf */ = {isa = PBXFileReference; lastKnownFileType = file; path = "Pretendard-Black.ttf"; sourceTree = "<group>"; };
		BDA48F322C46A9E9002F75D9 /* Pretendard-Thin.ttf */ = {isa = PBXFileReference; lastKnownFileType = file; path = "Pretendard-Thin.ttf"; sourceTree = "<group>"; };
		BDA48F332C46A9E9002F75D9 /* Pretendard-Bold.ttf */ = {isa = PBXFileReference; lastKnownFileType = file; path = "Pretendard-Bold.ttf"; sourceTree = "<group>"; };
		BDA48F342C46A9EA002F75D9 /* Pretendard-ExtraLight.ttf */ = {isa = PBXFileReference; lastKnownFileType = file; path = "Pretendard-ExtraLight.ttf"; sourceTree = "<group>"; };
/* End PBXFileReference section */

/* Begin PBXFrameworksBuildPhase section */
		60550DCD2C61C6BA0027CF4E /* Frameworks */ = {
			isa = PBXFrameworksBuildPhase;
			buildActionMask = 2147483647;
			files = (
			);
			runOnlyForDeploymentPostprocessing = 0;
		};
		BD0D63CA2C3CB6E4004D3EE6 /* Frameworks */ = {
			isa = PBXFrameworksBuildPhase;
			buildActionMask = 2147483647;
			files = (
				60FA94592C61D4F400F2A7ED /* XCTest.framework in Frameworks */,
				BD3572B82C463AAE004CB49F /* RxCocoa in Frameworks */,
				60550D982C5B79D30027CF4E /* FirebaseFirestoreSwift in Frameworks */,
				600941702C4E5CB800BA9123 /* FirebaseFirestore in Frameworks */,
				60FA94642C621D9A00F2A7ED /* Kingfisher in Frameworks */,
				60550DC32C613C8C0027CF4E /* AlgoliaSearchClient in Frameworks */,
				BD3572B52C463A72004CB49F /* Then in Frameworks */,
				BD3572C02C463AEF004CB49F /* Moya in Frameworks */,
				BD3572C42C463AEF004CB49F /* RxMoya in Frameworks */,
				BD3572C22C463AEF004CB49F /* ReactiveMoya in Frameworks */,
				BD3572BD2C463AC4004CB49F /* ReactorKit in Frameworks */,
				600941792C4EBA4200BA9123 /* RxGesture in Frameworks */,
				BD3572AC2C463A3A004CB49F /* KakaoSDKAuth in Frameworks */,
				BD3572C72C463B32004CB49F /* FirebaseAuth in Frameworks */,
				BD3572B22C463A67004CB49F /* SnapKit in Frameworks */,
				BD3572AA2C463A3A004CB49F /* KakaoSDK in Frameworks */,
				600941722C4E5CB800BA9123 /* FirebaseStorage in Frameworks */,
				BD3572AF2C463A5B004CB49F /* GoogleSignIn in Frameworks */,
				BD3572BA2C463AAE004CB49F /* RxSwift in Frameworks */,
			);
			runOnlyForDeploymentPostprocessing = 0;
		};
		BD0D63E02C3CB6E5004D3EE6 /* Frameworks */ = {
			isa = PBXFrameworksBuildPhase;
			buildActionMask = 2147483647;
			files = (
				604605042C61D22500C0D4E7 /* AlgoliaSearchClient in Frameworks */,
			);
			runOnlyForDeploymentPostprocessing = 0;
		};
		BD0D63EA2C3CB6E5004D3EE6 /* Frameworks */ = {
			isa = PBXFrameworksBuildPhase;
			buildActionMask = 2147483647;
			files = (
			);
			runOnlyForDeploymentPostprocessing = 0;
		};
/* End PBXFrameworksBuildPhase section */

/* Begin PBXGroup section */
		600941642C4A545900BA9123 /* Services */ = {
			isa = PBXGroup;
			children = (
				600941A92C58CAEC00BA9123 /* ServiceProviderProtocol.swift */,
				600941AB2C58CB9100BA9123 /* BaseService.swift */,
				6034257A2C3DAB7900DA49D5 /* KakaoService.swift */,
				600941652C4A546600BA9123 /* FirebaseService.swift */,
				6009419E2C5776C700BA9123 /* GoogleService.swift */,
				60FA945B2C6202EF00F2A7ED /* AlgoliaService.swift */,
				6023EBED2C6C5A8F009755A0 /* DataService.swift */,
			);
			path = Services;
			sourceTree = "<group>";
		};
		6009416C2C4E524200BA9123 /* Login */ = {
			isa = PBXGroup;
			children = (
				60E334CA2C59816200B110D2 /* LoginVC.swift */,
				600941982C575E6A00BA9123 /* LoginReactor.swift */,
			);
			path = Login;
			sourceTree = "<group>";
		};
		6009416E2C4E527500BA9123 /* SignUp */ = {
			isa = PBXGroup;
			children = (
				600941672C4D7F0400BA9123 /* SignUpVC.swift */,
				600941A72C58C8A700BA9123 /* SignUpReactor.swift */,
			);
			path = SignUp;
			sourceTree = "<group>";
		};
		600941882C4FE6F400BA9123 /* Frameworks */ = {
			isa = PBXGroup;
			children = (
				60FA94582C61D4F400F2A7ED /* XCTest.framework */,
			);
			name = Frameworks;
			sourceTree = "<group>";
		};
		6009419A2C5770BA00BA9123 /* Enums */ = {
			isa = PBXGroup;
			children = (
				6009419B2C5770D300BA9123 /* Enums.swift */,
			);
			path = Enums;
			sourceTree = "<group>";
		};
		6030754F2C7EA429009D9AD0 /* Products */ = {
			isa = PBXGroup;
			children = (
				603075552C7EA429009D9AD0 /* Demo.app */,
				603075572C7EA429009D9AD0 /* DropDownTests.xctest */,
				603075592C7EA429009D9AD0 /* DropDown.framework */,
			);
			name = Products;
			sourceTree = "<group>";
		};
		60550D8F2C59F1900027CF4E /* Custom */ = {
			isa = PBXGroup;
			children = (
				600941A02C5777EA00BA9123 /* Errors.swift */,
				60550D902C59F1A50027CF4E /* KeyBoard.swift */,
				60550D922C5A0A5B0027CF4E /* Encodable+.swift */,
			);
			path = Custom;
			sourceTree = "<group>";
		};
		60550D992C5CA2730027CF4E /* Main */ = {
			isa = PBXGroup;
			children = (
				60550D9A2C5CA28C0027CF4E /* MainVC.swift */,
				60550D9C2C5CA7F80027CF4E /* MainReactor.swift */,
			);
			path = Main;
			sourceTree = "<group>";
		};
		60550DAF2C60CA550027CF4E /* Builder */ = {
			isa = PBXGroup;
			children = (
				6034257D2C3DAB7900DA49D5 /* BuilderVC.swift */,
				60550DB02C60CB380027CF4E /* BuilderReactor.swift */,
			);
			path = Builder;
			sourceTree = "<group>";
		};
		60550DC62C613D0D0027CF4E /* Search */ = {
			isa = PBXGroup;
			children = (
				60550DC42C613CD20027CF4E /* SearchVC.swift */,
				60550DC72C613D1B0027CF4E /* SearchReactor.swift */,
			);
			path = Search;
			sourceTree = "<group>";
		};
		608BD4E32C4803EC0003CCA0 /* Resources */ = {
			isa = PBXGroup;
			children = (
				BD3572CA2C46A530004CB49F /* Font */,
				608BD4E42C4803FA0003CCA0 /* Images */,
			);
			path = Resources;
			sourceTree = "<group>";
		};
		608BD4E42C4803FA0003CCA0 /* Images */ = {
			isa = PBXGroup;
			children = (
				60FA946A2C6293F700F2A7ED /* plus.png */,
				60550DB92C610E910027CF4E /* AppleLogo.png */,
				60550DBA2C610E910027CF4E /* GoogleLogo.png */,
				60550DB82C610E910027CF4E /* KakaoLogo.png */,
				60E334D02C59D65D00B110D2 /* DefaultProfileImage.png */,
				6009416A2C4E4D0A00BA9123 /* Polygon.png */,
				608BD4E52C4804180003CCA0 /* mainIcon.png */,
			);
			path = Images;
			sourceTree = "<group>";
		};
		60A0A28F2C85F283003AE6AF /* PickPlayers */ = {
			isa = PBXGroup;
			children = (
				60A0A2902C85F294003AE6AF /* PickPlayersVC.swift */,
				60A0A2922C85F2A2003AE6AF /* PickPlayersReactor.swift */,
			);
			path = PickPlayers;
			sourceTree = "<group>";
		};
		60A653C22C940F1400659A8D /* Customs */ = {
			isa = PBXGroup;
			children = (
				60A653C32C940F2100659A8D /* CustomUserDefault.swift */,
				60A653CB2C99936000659A8D /* CustomAlert.swift */,
			);
			path = Customs;
			sourceTree = "<group>";
		};
		60E334C82C59815000B110D2 /* Models */ = {
			isa = PBXGroup;
			children = (
				60E334C72C59815000B110D2 /* PlayerModel.swift */,
				6023EBEF2C6F3B52009755A0 /* TeamModel.swift */,
			);
			path = Models;
			sourceTree = "<group>";
		};
		60FA945F2C62194100F2A7ED /* Cells */ = {
			isa = PBXGroup;
			children = (
				60FA94602C62194A00F2A7ED /* PlayerCells.swift */,
				6023EC6B2C75DA6E009755A0 /* TeamCells.swift */,
			);
			path = Cells;
			sourceTree = "<group>";
		};
		BD0D63C42C3CB6E4004D3EE6 = {
			isa = PBXGroup;
			children = (
				6030754E2C7EA429009D9AD0 /* DropDown.xcodeproj */,
				BD0D63CF2C3CB6E4004D3EE6 /* BasketStat_UIKit */,
				BD0D63E62C3CB6E5004D3EE6 /* BasketStat_UIKitTests */,
				BD0D63F02C3CB6E5004D3EE6 /* BasketStat_UIKitUITests */,
				BD0D63CE2C3CB6E4004D3EE6 /* Products */,
				600941882C4FE6F400BA9123 /* Frameworks */,
			);
			sourceTree = "<group>";
		};
		BD0D63CE2C3CB6E4004D3EE6 /* Products */ = {
			isa = PBXGroup;
			children = (
				BD0D63CD2C3CB6E4004D3EE6 /* BasketStat_UIKit.app */,
				BD0D63E32C3CB6E5004D3EE6 /* BasketStat_UIKitTests.xctest */,
				BD0D63ED2C3CB6E5004D3EE6 /* BasketStat_UIKitUITests.xctest */,
				60550DD02C61C6BA0027CF4E /* BasketStat_AlgoliaTests.xctest */,
			);
			name = Products;
			sourceTree = "<group>";
		};
		BD0D63CF2C3CB6E4004D3EE6 /* BasketStat_UIKit */ = {
			isa = PBXGroup;
			children = (
				60A653C22C940F1400659A8D /* Customs */,
				60A0A28F2C85F283003AE6AF /* PickPlayers */,
				60FA945F2C62194100F2A7ED /* Cells */,
				600846D92C3DB6FF00DE64E2 /* .gitattributes */,
				6034257E2C3DAB7900DA49D5 /* BasketStat_UIKit.entitlements */,
				60550D8F2C59F1900027CF4E /* Custom */,
				60E334C82C59815000B110D2 /* Models */,
				6009419A2C5770BA00BA9123 /* Enums */,
				600941642C4A545900BA9123 /* Services */,
				60550D992C5CA2730027CF4E /* Main */,
				60550DC62C613D0D0027CF4E /* Search */,
				BD8B9D8C2C556434000AB1B0 /* GameStat */,
				6009416E2C4E527500BA9123 /* SignUp */,
				6009416C2C4E524200BA9123 /* Login */,
				60550DAF2C60CA550027CF4E /* Builder */,
				BD0D63D02C3CB6E4004D3EE6 /* AppDelegate.swift */,
				BD0D63D22C3CB6E4004D3EE6 /* SceneDelegate.swift */,
				608BD4E32C4803EC0003CCA0 /* Resources */,
				BD0D64102C3CDBEE004D3EE6 /* Extension */,
				BD0D63D92C3CB6E5004D3EE6 /* Assets.xcassets */,
				BD0D63DB2C3CB6E5004D3EE6 /* LaunchScreen.storyboard */,
				6034257B2C3DAB7900DA49D5 /* GoogleService-Info.plist */,
				BD0D63DE2C3CB6E5004D3EE6 /* Info.plist */,
				BD0EE6682C79ABD8000D503C /* Config.xcconfig */,
			);
			path = BasketStat_UIKit;
			sourceTree = "<group>";
		};
		BD0D63E62C3CB6E5004D3EE6 /* BasketStat_UIKitTests */ = {
			isa = PBXGroup;
			children = (
				BD0D63E72C3CB6E5004D3EE6 /* BasketStat_UIKitTests.swift */,
			);
			path = BasketStat_UIKitTests;
			sourceTree = "<group>";
		};
		BD0D63F02C3CB6E5004D3EE6 /* BasketStat_UIKitUITests */ = {
			isa = PBXGroup;
			children = (
				BD0D63F12C3CB6E5004D3EE6 /* BasketStat_UIKitUITests.swift */,
				BD0D63F32C3CB6E5004D3EE6 /* BasketStat_UIKitUITestsLaunchTests.swift */,
			);
			path = BasketStat_UIKitUITests;
			sourceTree = "<group>";
		};
		BD0D64102C3CDBEE004D3EE6 /* Extension */ = {
			isa = PBXGroup;
			children = (
				BD0D64112C3CDC13004D3EE6 /* UIColor+Extension.swift */,
				BD3572D42C46A591004CB49F /* UIFont+Extension.swift */,
				BD1223E32C70DB7F00DF155C /* UIButton+Extension.swift */,
				BD1223E52C70E94E00DF155C /* UISegment+Extension.swift */,
				BD1223E72C70EF6D00DF155C /* UIStackView+Extension.swift */,
			);
			path = Extension;
			sourceTree = "<group>";
		};
		BD3572CA2C46A530004CB49F /* Font */ = {
			isa = PBXGroup;
			children = (
				BDA48F312C46A9E9002F75D9 /* Pretendard-Black.ttf */,
				BDA48F332C46A9E9002F75D9 /* Pretendard-Bold.ttf */,
				BDA48F2F2C46A9E8002F75D9 /* Pretendard-ExtraBold.ttf */,
				BDA48F342C46A9EA002F75D9 /* Pretendard-ExtraLight.ttf */,
				BDA48F302C46A9E9002F75D9 /* Pretendard-Light.ttf */,
				BDA48F2E2C46A9E8002F75D9 /* Pretendard-Medium.ttf */,
				BDA48F2C2C46A9E8002F75D9 /* Pretendard-Regular.ttf */,
				BDA48F2D2C46A9E8002F75D9 /* Pretendard-SemiBold.ttf */,
				BDA48F322C46A9E9002F75D9 /* Pretendard-Thin.ttf */,
			);
			path = Font;
			sourceTree = "<group>";
		};
		BD8B9D862C55085F000AB1B0 /* Model */ = {
			isa = PBXGroup;
			children = (
				BD1224592C74EE4C00DF155C /* PlayerEntity+CoreDataClass.swift */,
				BD12245A2C74EE4C00DF155C /* PlayerEntity+CoreDataProperties.swift */,
				BD8B9D8A2C55529C000AB1B0 /* StatStore.swift */,
				BD1223E92C710E4100DF155C /* GamePlayerManager.swift */,
				BD1223EE2C72D61400DF155C /* GameStat.xcdatamodeld */,
			);
			path = Model;
			sourceTree = "<group>";
		};
		BD8B9D872C550872000AB1B0 /* Reactor */ = {
			isa = PBXGroup;
			children = (
				BD35729B2C461002004CB49F /* GameStatReactor.swift */,
			);
			path = Reactor;
			sourceTree = "<group>";
		};
		BD8B9D8C2C556434000AB1B0 /* GameStat */ = {
			isa = PBXGroup;
			children = (
				BD8B9D872C550872000AB1B0 /* Reactor */,
				BD8B9D8D2C556445000AB1B0 /* View */,
				BD8B9D862C55085F000AB1B0 /* Model */,
			);
			path = GameStat;
			sourceTree = "<group>";
		};
		BD8B9D8D2C556445000AB1B0 /* View */ = {
			isa = PBXGroup;
			children = (
				60550DAD2C609F3A0027CF4E /* GameStatVC.swift */,
			);
			path = View;
			sourceTree = "<group>";
		};
/* End PBXGroup section */

/* Begin PBXNativeTarget section */
		60550DCF2C61C6BA0027CF4E /* BasketStat_AlgoliaTests */ = {
			isa = PBXNativeTarget;
			buildConfigurationList = 60550DD62C61C6BA0027CF4E /* Build configuration list for PBXNativeTarget "BasketStat_AlgoliaTests" */;
			buildPhases = (
				60550DCC2C61C6BA0027CF4E /* Sources */,
				60550DCD2C61C6BA0027CF4E /* Frameworks */,
				60550DCE2C61C6BA0027CF4E /* Resources */,
			);
			buildRules = (
			);
			dependencies = (
				60550DD52C61C6BA0027CF4E /* PBXTargetDependency */,
			);
			name = BasketStat_AlgoliaTests;
			productName = BasketStat_AlgoliaTests;
			productReference = 60550DD02C61C6BA0027CF4E /* BasketStat_AlgoliaTests.xctest */;
			productType = "com.apple.product-type.bundle.unit-test";
		};
		BD0D63CC2C3CB6E4004D3EE6 /* BasketStat_UIKit */ = {
			isa = PBXNativeTarget;
			buildConfigurationList = BD0D63F72C3CB6E5004D3EE6 /* Build configuration list for PBXNativeTarget "BasketStat_UIKit" */;
			buildPhases = (
				BD0D63C92C3CB6E4004D3EE6 /* Sources */,
				BD0D63CA2C3CB6E4004D3EE6 /* Frameworks */,
				BD0D63CB2C3CB6E4004D3EE6 /* Resources */,
				6009418B2C4FE6F400BA9123 /* Embed Frameworks */,
			);
			buildRules = (
			);
			dependencies = (
				6030755C2C7EA442009D9AD0 /* PBXTargetDependency */,
			);
			name = BasketStat_UIKit;
			packageProductDependencies = (
				BD3572A92C463A3A004CB49F /* KakaoSDK */,
				BD3572AB2C463A3A004CB49F /* KakaoSDKAuth */,
				BD3572AE2C463A5B004CB49F /* GoogleSignIn */,
				BD3572B12C463A67004CB49F /* SnapKit */,
				BD3572B42C463A72004CB49F /* Then */,
				BD3572B72C463AAE004CB49F /* RxCocoa */,
				BD3572B92C463AAE004CB49F /* RxSwift */,
				BD3572BC2C463AC4004CB49F /* ReactorKit */,
				BD3572BF2C463AEF004CB49F /* Moya */,
				BD3572C12C463AEF004CB49F /* ReactiveMoya */,
				BD3572C32C463AEF004CB49F /* RxMoya */,
				BD3572C62C463B32004CB49F /* FirebaseAuth */,
				6009416F2C4E5CB800BA9123 /* FirebaseFirestore */,
				600941712C4E5CB800BA9123 /* FirebaseStorage */,
				600941782C4EBA4200BA9123 /* RxGesture */,
				60550D972C5B79D30027CF4E /* FirebaseFirestoreSwift */,
				60550DC22C613C8C0027CF4E /* AlgoliaSearchClient */,
				60FA94632C621D9A00F2A7ED /* Kingfisher */,
			);
			productName = BasketStat_UIKit;
			productReference = BD0D63CD2C3CB6E4004D3EE6 /* BasketStat_UIKit.app */;
			productType = "com.apple.product-type.application";
		};
		BD0D63E22C3CB6E5004D3EE6 /* BasketStat_UIKitTests */ = {
			isa = PBXNativeTarget;
			buildConfigurationList = BD0D63FA2C3CB6E5004D3EE6 /* Build configuration list for PBXNativeTarget "BasketStat_UIKitTests" */;
			buildPhases = (
				BD0D63DF2C3CB6E5004D3EE6 /* Sources */,
				BD0D63E02C3CB6E5004D3EE6 /* Frameworks */,
				BD0D63E12C3CB6E5004D3EE6 /* Resources */,
			);
			buildRules = (
			);
			dependencies = (
				BD0D63E52C3CB6E5004D3EE6 /* PBXTargetDependency */,
			);
			name = BasketStat_UIKitTests;
			packageProductDependencies = (
				604605032C61D22500C0D4E7 /* AlgoliaSearchClient */,
			);
			productName = BasketStat_UIKitTests;
			productReference = BD0D63E32C3CB6E5004D3EE6 /* BasketStat_UIKitTests.xctest */;
			productType = "com.apple.product-type.bundle.unit-test";
		};
		BD0D63EC2C3CB6E5004D3EE6 /* BasketStat_UIKitUITests */ = {
			isa = PBXNativeTarget;
			buildConfigurationList = BD0D63FD2C3CB6E5004D3EE6 /* Build configuration list for PBXNativeTarget "BasketStat_UIKitUITests" */;
			buildPhases = (
				BD0D63E92C3CB6E5004D3EE6 /* Sources */,
				BD0D63EA2C3CB6E5004D3EE6 /* Frameworks */,
				BD0D63EB2C3CB6E5004D3EE6 /* Resources */,
			);
			buildRules = (
			);
			dependencies = (
				BD0D63EF2C3CB6E5004D3EE6 /* PBXTargetDependency */,
			);
			name = BasketStat_UIKitUITests;
			productName = BasketStat_UIKitUITests;
			productReference = BD0D63ED2C3CB6E5004D3EE6 /* BasketStat_UIKitUITests.xctest */;
			productType = "com.apple.product-type.bundle.ui-testing";
		};
/* End PBXNativeTarget section */

/* Begin PBXProject section */
		BD0D63C52C3CB6E4004D3EE6 /* Project object */ = {
			isa = PBXProject;
			attributes = {
				BuildIndependentTargetsInParallel = 1;
				LastSwiftUpdateCheck = 1530;
				LastUpgradeCheck = 1540;
				TargetAttributes = {
					60550DCF2C61C6BA0027CF4E = {
						CreatedOnToolsVersion = 15.3;
						TestTargetID = BD0D63CC2C3CB6E4004D3EE6;
					};
					BD0D63CC2C3CB6E4004D3EE6 = {
						CreatedOnToolsVersion = 15.4;
					};
					BD0D63E22C3CB6E5004D3EE6 = {
						CreatedOnToolsVersion = 15.4;
						TestTargetID = BD0D63CC2C3CB6E4004D3EE6;
					};
					BD0D63EC2C3CB6E5004D3EE6 = {
						CreatedOnToolsVersion = 15.4;
						TestTargetID = BD0D63CC2C3CB6E4004D3EE6;
					};
				};
			};
			buildConfigurationList = BD0D63C82C3CB6E4004D3EE6 /* Build configuration list for PBXProject "BasketStat_UIKit" */;
			compatibilityVersion = "Xcode 14.0";
			developmentRegion = en;
			hasScannedForEncodings = 0;
			knownRegions = (
				en,
				Base,
			);
			mainGroup = BD0D63C42C3CB6E4004D3EE6;
			packageReferences = (
				BD3572A82C463A3A004CB49F /* XCRemoteSwiftPackageReference "kakao-ios-sdk" */,
				BD3572AD2C463A5B004CB49F /* XCRemoteSwiftPackageReference "GoogleSignIn-iOS" */,
				BD3572B02C463A67004CB49F /* XCRemoteSwiftPackageReference "SnapKit" */,
				BD3572B32C463A72004CB49F /* XCRemoteSwiftPackageReference "Then" */,
				BD3572B62C463AAE004CB49F /* XCRemoteSwiftPackageReference "RxSwift" */,
				BD3572BB2C463AC4004CB49F /* XCRemoteSwiftPackageReference "ReactorKit" */,
				BD3572BE2C463AEF004CB49F /* XCRemoteSwiftPackageReference "Moya" */,
				BD3572C52C463B32004CB49F /* XCRemoteSwiftPackageReference "firebase-ios-sdk" */,
				600941772C4EB7A000BA9123 /* XCRemoteSwiftPackageReference "RxGesture" */,
				60550DC12C613C810027CF4E /* XCRemoteSwiftPackageReference "algoliasearch-client-swift" */,
				60FA94622C621D9A00F2A7ED /* XCRemoteSwiftPackageReference "Kingfisher" */,
			);
			productRefGroup = BD0D63CE2C3CB6E4004D3EE6 /* Products */;
			projectDirPath = "";
			projectReferences = (
				{
					ProductGroup = 6030754F2C7EA429009D9AD0 /* Products */;
					ProjectRef = 6030754E2C7EA429009D9AD0 /* DropDown.xcodeproj */;
				},
			);
			projectRoot = "";
			targets = (
				BD0D63CC2C3CB6E4004D3EE6 /* BasketStat_UIKit */,
				BD0D63E22C3CB6E5004D3EE6 /* BasketStat_UIKitTests */,
				BD0D63EC2C3CB6E5004D3EE6 /* BasketStat_UIKitUITests */,
				60550DCF2C61C6BA0027CF4E /* BasketStat_AlgoliaTests */,
			);
		};
/* End PBXProject section */

/* Begin PBXReferenceProxy section */
		603075552C7EA429009D9AD0 /* Demo.app */ = {
			isa = PBXReferenceProxy;
			fileType = wrapper.application;
			path = Demo.app;
			remoteRef = 603075542C7EA429009D9AD0 /* PBXContainerItemProxy */;
			sourceTree = BUILT_PRODUCTS_DIR;
		};
		603075572C7EA429009D9AD0 /* DropDownTests.xctest */ = {
			isa = PBXReferenceProxy;
			fileType = wrapper.cfbundle;
			path = DropDownTests.xctest;
			remoteRef = 603075562C7EA429009D9AD0 /* PBXContainerItemProxy */;
			sourceTree = BUILT_PRODUCTS_DIR;
		};
		603075592C7EA429009D9AD0 /* DropDown.framework */ = {
			isa = PBXReferenceProxy;
			fileType = wrapper.framework;
			path = DropDown.framework;
			remoteRef = 603075582C7EA429009D9AD0 /* PBXContainerItemProxy */;
			sourceTree = BUILT_PRODUCTS_DIR;
		};
/* End PBXReferenceProxy section */

/* Begin PBXResourcesBuildPhase section */
		60550DCE2C61C6BA0027CF4E /* Resources */ = {
			isa = PBXResourcesBuildPhase;
			buildActionMask = 2147483647;
			files = (
			);
			runOnlyForDeploymentPostprocessing = 0;
		};
		BD0D63CB2C3CB6E4004D3EE6 /* Resources */ = {
			isa = PBXResourcesBuildPhase;
			buildActionMask = 2147483647;
			files = (
				BDA48F362C46A9EA002F75D9 /* Pretendard-SemiBold.ttf in Resources */,
				60550DBC2C610E910027CF4E /* AppleLogo.png in Resources */,
				BD0D63DA2C3CB6E5004D3EE6 /* Assets.xcassets in Resources */,
				6009416B2C4E4D0A00BA9123 /* Polygon.png in Resources */,
				60E334D12C59D65D00B110D2 /* DefaultProfileImage.png in Resources */,
				BD0D63DD2C3CB6E5004D3EE6 /* Base in Resources */,
				BDA48F392C46A9EA002F75D9 /* Pretendard-Light.ttf in Resources */,
				BDA48F352C46A9EA002F75D9 /* Pretendard-Regular.ttf in Resources */,
				60550DBD2C610E910027CF4E /* GoogleLogo.png in Resources */,
				603425912C3DAB7900DA49D5 /* GoogleService-Info.plist in Resources */,
				60550DBB2C610E910027CF4E /* KakaoLogo.png in Resources */,
				60FA946B2C6293F800F2A7ED /* plus.png in Resources */,
				BDA48F372C46A9EA002F75D9 /* Pretendard-Medium.ttf in Resources */,
				608BD4E62C4804180003CCA0 /* mainIcon.png in Resources */,
				600846DB2C3DB6FF00DE64E2 /* .gitattributes in Resources */,
				BDA48F3B2C46A9EA002F75D9 /* Pretendard-Thin.ttf in Resources */,
				BDA48F382C46A9EA002F75D9 /* Pretendard-ExtraBold.ttf in Resources */,
				BDA48F3C2C46A9EA002F75D9 /* Pretendard-Bold.ttf in Resources */,
				BDA48F3A2C46A9EA002F75D9 /* Pretendard-Black.ttf in Resources */,
				60A0A27D2C80C3D7003AE6AF /* Config.xcconfig in Resources */,
				BDA48F3D2C46A9EA002F75D9 /* Pretendard-ExtraLight.ttf in Resources */,
			);
			runOnlyForDeploymentPostprocessing = 0;
		};
		BD0D63E12C3CB6E5004D3EE6 /* Resources */ = {
			isa = PBXResourcesBuildPhase;
			buildActionMask = 2147483647;
			files = (
			);
			runOnlyForDeploymentPostprocessing = 0;
		};
		BD0D63EB2C3CB6E5004D3EE6 /* Resources */ = {
			isa = PBXResourcesBuildPhase;
			buildActionMask = 2147483647;
			files = (
			);
			runOnlyForDeploymentPostprocessing = 0;
		};
/* End PBXResourcesBuildPhase section */

/* Begin PBXSourcesBuildPhase section */
		60550DCC2C61C6BA0027CF4E /* Sources */ = {
			isa = PBXSourcesBuildPhase;
			buildActionMask = 2147483647;
			files = (
			);
			runOnlyForDeploymentPostprocessing = 0;
		};
		BD0D63C92C3CB6E4004D3EE6 /* Sources */ = {
			isa = PBXSourcesBuildPhase;
			buildActionMask = 2147483647;
			files = (
				BD12245B2C74EE5300DF155C /* PlayerEntity+CoreDataClass.swift in Sources */,
				600941682C4D7F0400BA9123 /* SignUpVC.swift in Sources */,
				6023EC6C2C75DA6E009755A0 /* TeamCells.swift in Sources */,
				BD1223EA2C710E4100DF155C /* GamePlayerManager.swift in Sources */,
				603425902C3DAB7900DA49D5 /* KakaoService.swift in Sources */,
				6023EBF02C6F3B53009755A0 /* TeamModel.swift in Sources */,
				60E334CB2C59816200B110D2 /* LoginVC.swift in Sources */,
				60550DC52C613CD70027CF4E /* SearchVC.swift in Sources */,
				60550D912C59F1A50027CF4E /* KeyBoard.swift in Sources */,
				60550DAE2C609F3A0027CF4E /* GameStatVC.swift in Sources */,
				6009419C2C5770D300BA9123 /* Enums.swift in Sources */,
				60A653CC2C99936000659A8D /* CustomAlert.swift in Sources */,
				600941A12C5777EA00BA9123 /* Errors.swift in Sources */,
				60550D932C5A0A5B0027CF4E /* Encodable+.swift in Sources */,
				BD12245C2C74EE5300DF155C /* PlayerEntity+CoreDataProperties.swift in Sources */,
				BD1223E62C70E94E00DF155C /* UISegment+Extension.swift in Sources */,
				60FA94612C62194A00F2A7ED /* PlayerCells.swift in Sources */,
				60E334C92C59815000B110D2 /* PlayerModel.swift in Sources */,
				60A0A2912C85F294003AE6AF /* PickPlayersVC.swift in Sources */,
				BD1223F02C72D61400DF155C /* GameStat.xcdatamodeld in Sources */,
				600941992C575E6A00BA9123 /* LoginReactor.swift in Sources */,
				60550DC82C613D1B0027CF4E /* SearchReactor.swift in Sources */,
				600941AC2C58CB9100BA9123 /* BaseService.swift in Sources */,
				BD1223E42C70DB7F00DF155C /* UIButton+Extension.swift in Sources */,
				BD3572D52C46A592004CB49F /* UIFont+Extension.swift in Sources */,
				60550D9B2C5CA28C0027CF4E /* MainVC.swift in Sources */,
				600941662C4A546700BA9123 /* FirebaseService.swift in Sources */,
				60550D9D2C5CA7F80027CF4E /* MainReactor.swift in Sources */,
				BD35729C2C461002004CB49F /* GameStatReactor.swift in Sources */,
				603425932C3DAB7900DA49D5 /* BuilderVC.swift in Sources */,
				BD0D63D12C3CB6E4004D3EE6 /* AppDelegate.swift in Sources */,
				600941AA2C58CAEC00BA9123 /* ServiceProviderProtocol.swift in Sources */,
				BD1223E82C70EF6D00DF155C /* UIStackView+Extension.swift in Sources */,
				BD8B9D8B2C55529C000AB1B0 /* StatStore.swift in Sources */,
				60550DB12C60CB380027CF4E /* BuilderReactor.swift in Sources */,
				60A0A2932C85F2A2003AE6AF /* PickPlayersReactor.swift in Sources */,
				BD8B9D8B2C55529C000AB1B0 /* StatStore.swift in Sources */,
				BD0D63D32C3CB6E4004D3EE6 /* SceneDelegate.swift in Sources */,
				60FA945C2C6202EF00F2A7ED /* AlgoliaService.swift in Sources */,
				6009419F2C5776C700BA9123 /* GoogleService.swift in Sources */,
				60A653C42C940F2100659A8D /* CustomUserDefault.swift in Sources */,
				6023EBEE2C6C5A8F009755A0 /* DataService.swift in Sources */,
				600941A82C58C8A700BA9123 /* SignUpReactor.swift in Sources */,
				BD0D64122C3CDC13004D3EE6 /* UIColor+Extension.swift in Sources */,
			);
			runOnlyForDeploymentPostprocessing = 0;
		};
		BD0D63DF2C3CB6E5004D3EE6 /* Sources */ = {
			isa = PBXSourcesBuildPhase;
			buildActionMask = 2147483647;
			files = (
				60FA945A2C61DA0300F2A7ED /* PlayerModel.swift in Sources */,
				604605072C61D29C00C0D4E7 /* BasketStat_UIKitTests.swift in Sources */,
			);
			runOnlyForDeploymentPostprocessing = 0;
		};
		BD0D63E92C3CB6E5004D3EE6 /* Sources */ = {
			isa = PBXSourcesBuildPhase;
			buildActionMask = 2147483647;
			files = (
				BD0D63F22C3CB6E5004D3EE6 /* BasketStat_UIKitUITests.swift in Sources */,
				BD0D63F42C3CB6E5004D3EE6 /* BasketStat_UIKitUITestsLaunchTests.swift in Sources */,
			);
			runOnlyForDeploymentPostprocessing = 0;
		};
/* End PBXSourcesBuildPhase section */

/* Begin PBXTargetDependency section */
		6030755C2C7EA442009D9AD0 /* PBXTargetDependency */ = {
			isa = PBXTargetDependency;
			name = DropDown;
			targetProxy = 6030755B2C7EA442009D9AD0 /* PBXContainerItemProxy */;
		};
		60550DD52C61C6BA0027CF4E /* PBXTargetDependency */ = {
			isa = PBXTargetDependency;
			target = BD0D63CC2C3CB6E4004D3EE6 /* BasketStat_UIKit */;
			targetProxy = 60550DD42C61C6BA0027CF4E /* PBXContainerItemProxy */;
		};
		BD0D63E52C3CB6E5004D3EE6 /* PBXTargetDependency */ = {
			isa = PBXTargetDependency;
			target = BD0D63CC2C3CB6E4004D3EE6 /* BasketStat_UIKit */;
			targetProxy = BD0D63E42C3CB6E5004D3EE6 /* PBXContainerItemProxy */;
		};
		BD0D63EF2C3CB6E5004D3EE6 /* PBXTargetDependency */ = {
			isa = PBXTargetDependency;
			target = BD0D63CC2C3CB6E4004D3EE6 /* BasketStat_UIKit */;
			targetProxy = BD0D63EE2C3CB6E5004D3EE6 /* PBXContainerItemProxy */;
		};
/* End PBXTargetDependency section */

/* Begin PBXVariantGroup section */
		BD0D63DB2C3CB6E5004D3EE6 /* LaunchScreen.storyboard */ = {
			isa = PBXVariantGroup;
			children = (
				BD0D63DC2C3CB6E5004D3EE6 /* Base */,
			);
			name = LaunchScreen.storyboard;
			sourceTree = "<group>";
		};
/* End PBXVariantGroup section */

/* Begin XCBuildConfiguration section */
		60550DD72C61C6BA0027CF4E /* Debug */ = {
			isa = XCBuildConfiguration;
			buildSettings = {
				BUNDLE_LOADER = "$(TEST_HOST)";
				CODE_SIGN_STYLE = Automatic;
				CURRENT_PROJECT_VERSION = 1;
				DEVELOPMENT_TEAM = YH4A87H8M4;
				GENERATE_INFOPLIST_FILE = YES;
				MARKETING_VERSION = 1.0;
				PRODUCT_BUNDLE_IDENTIFIER = "com.wan.UITester.BasketStat-AlgoliaTests";
				PRODUCT_NAME = "$(TARGET_NAME)";
				SWIFT_EMIT_LOC_STRINGS = NO;
				SWIFT_VERSION = 5.0;
				TARGETED_DEVICE_FAMILY = "1,2";
				TEST_HOST = "$(BUILT_PRODUCTS_DIR)/BasketStat_UIKit.app/$(BUNDLE_EXECUTABLE_FOLDER_PATH)/BasketStat_UIKit";
			};
			name = Debug;
		};
		60550DD82C61C6BA0027CF4E /* Release */ = {
			isa = XCBuildConfiguration;
			buildSettings = {
				BUNDLE_LOADER = "$(TEST_HOST)";
				CODE_SIGN_STYLE = Automatic;
				CURRENT_PROJECT_VERSION = 1;
				DEVELOPMENT_TEAM = YH4A87H8M4;
				GENERATE_INFOPLIST_FILE = YES;
				MARKETING_VERSION = 1.0;
				PRODUCT_BUNDLE_IDENTIFIER = "com.wan.UITester.BasketStat-AlgoliaTests";
				PRODUCT_NAME = "$(TARGET_NAME)";
				SWIFT_EMIT_LOC_STRINGS = NO;
				SWIFT_VERSION = 5.0;
				TARGETED_DEVICE_FAMILY = "1,2";
				TEST_HOST = "$(BUILT_PRODUCTS_DIR)/BasketStat_UIKit.app/$(BUNDLE_EXECUTABLE_FOLDER_PATH)/BasketStat_UIKit";
			};
			name = Release;
		};
		BD0D63F52C3CB6E5004D3EE6 /* Debug */ = {
			isa = XCBuildConfiguration;
			baseConfigurationReference = BD0EE6682C79ABD8000D503C /* Config.xcconfig */;
			buildSettings = {
				ALWAYS_SEARCH_USER_PATHS = NO;
				ASSETCATALOG_COMPILER_GENERATE_SWIFT_ASSET_SYMBOL_EXTENSIONS = YES;
				CLANG_ANALYZER_NONNULL = YES;
				CLANG_ANALYZER_NUMBER_OBJECT_CONVERSION = YES_AGGRESSIVE;
				CLANG_CXX_LANGUAGE_STANDARD = "gnu++20";
				CLANG_ENABLE_MODULES = YES;
				CLANG_ENABLE_OBJC_ARC = YES;
				CLANG_ENABLE_OBJC_WEAK = YES;
				CLANG_WARN_BLOCK_CAPTURE_AUTORELEASING = YES;
				CLANG_WARN_BOOL_CONVERSION = YES;
				CLANG_WARN_COMMA = YES;
				CLANG_WARN_CONSTANT_CONVERSION = YES;
				CLANG_WARN_DEPRECATED_OBJC_IMPLEMENTATIONS = YES;
				CLANG_WARN_DIRECT_OBJC_ISA_USAGE = YES_ERROR;
				CLANG_WARN_DOCUMENTATION_COMMENTS = YES;
				CLANG_WARN_EMPTY_BODY = YES;
				CLANG_WARN_ENUM_CONVERSION = YES;
				CLANG_WARN_INFINITE_RECURSION = YES;
				CLANG_WARN_INT_CONVERSION = YES;
				CLANG_WARN_NON_LITERAL_NULL_CONVERSION = YES;
				CLANG_WARN_OBJC_IMPLICIT_RETAIN_SELF = YES;
				CLANG_WARN_OBJC_LITERAL_CONVERSION = YES;
				CLANG_WARN_OBJC_ROOT_CLASS = YES_ERROR;
				CLANG_WARN_QUOTED_INCLUDE_IN_FRAMEWORK_HEADER = YES;
				CLANG_WARN_RANGE_LOOP_ANALYSIS = YES;
				CLANG_WARN_STRICT_PROTOTYPES = YES;
				CLANG_WARN_SUSPICIOUS_MOVE = YES;
				CLANG_WARN_UNGUARDED_AVAILABILITY = YES_AGGRESSIVE;
				CLANG_WARN_UNREACHABLE_CODE = YES;
				CLANG_WARN__DUPLICATE_METHOD_MATCH = YES;
				COPY_PHASE_STRIP = NO;
				DEBUG_INFORMATION_FORMAT = dwarf;
				ENABLE_STRICT_OBJC_MSGSEND = YES;
				ENABLE_TESTABILITY = YES;
				ENABLE_USER_SCRIPT_SANDBOXING = YES;
				GCC_C_LANGUAGE_STANDARD = gnu17;
				GCC_DYNAMIC_NO_PIC = NO;
				GCC_NO_COMMON_BLOCKS = YES;
				GCC_OPTIMIZATION_LEVEL = 0;
				GCC_PREPROCESSOR_DEFINITIONS = (
					"DEBUG=1",
					"$(inherited)",
				);
				GCC_WARN_64_TO_32_BIT_CONVERSION = YES;
				GCC_WARN_ABOUT_RETURN_TYPE = YES_ERROR;
				GCC_WARN_UNDECLARED_SELECTOR = YES;
				GCC_WARN_UNINITIALIZED_AUTOS = YES_AGGRESSIVE;
				GCC_WARN_UNUSED_FUNCTION = YES;
				GCC_WARN_UNUSED_VARIABLE = YES;
				IPHONEOS_DEPLOYMENT_TARGET = 17.4;
				LOCALIZATION_PREFERS_STRING_CATALOGS = YES;
				MTL_ENABLE_DEBUG_INFO = INCLUDE_SOURCE;
				MTL_FAST_MATH = YES;
				ONLY_ACTIVE_ARCH = YES;
				SDKROOT = iphoneos;
				SWIFT_ACTIVE_COMPILATION_CONDITIONS = "DEBUG $(inherited)";
				SWIFT_OPTIMIZATION_LEVEL = "-Onone";
			};
			name = Debug;
		};
		BD0D63F62C3CB6E5004D3EE6 /* Release */ = {
			isa = XCBuildConfiguration;
			baseConfigurationReference = BD0EE6682C79ABD8000D503C /* Config.xcconfig */;
			buildSettings = {
				ALWAYS_SEARCH_USER_PATHS = NO;
				ASSETCATALOG_COMPILER_GENERATE_SWIFT_ASSET_SYMBOL_EXTENSIONS = YES;
				CLANG_ANALYZER_NONNULL = YES;
				CLANG_ANALYZER_NUMBER_OBJECT_CONVERSION = YES_AGGRESSIVE;
				CLANG_CXX_LANGUAGE_STANDARD = "gnu++20";
				CLANG_ENABLE_MODULES = YES;
				CLANG_ENABLE_OBJC_ARC = YES;
				CLANG_ENABLE_OBJC_WEAK = YES;
				CLANG_WARN_BLOCK_CAPTURE_AUTORELEASING = YES;
				CLANG_WARN_BOOL_CONVERSION = YES;
				CLANG_WARN_COMMA = YES;
				CLANG_WARN_CONSTANT_CONVERSION = YES;
				CLANG_WARN_DEPRECATED_OBJC_IMPLEMENTATIONS = YES;
				CLANG_WARN_DIRECT_OBJC_ISA_USAGE = YES_ERROR;
				CLANG_WARN_DOCUMENTATION_COMMENTS = YES;
				CLANG_WARN_EMPTY_BODY = YES;
				CLANG_WARN_ENUM_CONVERSION = YES;
				CLANG_WARN_INFINITE_RECURSION = YES;
				CLANG_WARN_INT_CONVERSION = YES;
				CLANG_WARN_NON_LITERAL_NULL_CONVERSION = YES;
				CLANG_WARN_OBJC_IMPLICIT_RETAIN_SELF = YES;
				CLANG_WARN_OBJC_LITERAL_CONVERSION = YES;
				CLANG_WARN_OBJC_ROOT_CLASS = YES_ERROR;
				CLANG_WARN_QUOTED_INCLUDE_IN_FRAMEWORK_HEADER = YES;
				CLANG_WARN_RANGE_LOOP_ANALYSIS = YES;
				CLANG_WARN_STRICT_PROTOTYPES = YES;
				CLANG_WARN_SUSPICIOUS_MOVE = YES;
				CLANG_WARN_UNGUARDED_AVAILABILITY = YES_AGGRESSIVE;
				CLANG_WARN_UNREACHABLE_CODE = YES;
				CLANG_WARN__DUPLICATE_METHOD_MATCH = YES;
				COPY_PHASE_STRIP = NO;
				DEBUG_INFORMATION_FORMAT = "dwarf-with-dsym";
				ENABLE_NS_ASSERTIONS = NO;
				ENABLE_STRICT_OBJC_MSGSEND = YES;
				ENABLE_USER_SCRIPT_SANDBOXING = YES;
				GCC_C_LANGUAGE_STANDARD = gnu17;
				GCC_NO_COMMON_BLOCKS = YES;
				GCC_WARN_64_TO_32_BIT_CONVERSION = YES;
				GCC_WARN_ABOUT_RETURN_TYPE = YES_ERROR;
				GCC_WARN_UNDECLARED_SELECTOR = YES;
				GCC_WARN_UNINITIALIZED_AUTOS = YES_AGGRESSIVE;
				GCC_WARN_UNUSED_FUNCTION = YES;
				GCC_WARN_UNUSED_VARIABLE = YES;
				IPHONEOS_DEPLOYMENT_TARGET = 17.4;
				LOCALIZATION_PREFERS_STRING_CATALOGS = YES;
				MTL_ENABLE_DEBUG_INFO = NO;
				MTL_FAST_MATH = YES;
				SDKROOT = iphoneos;
				SWIFT_COMPILATION_MODE = wholemodule;
				VALIDATE_PRODUCT = YES;
			};
			name = Release;
		};
		BD0D63F82C3CB6E5004D3EE6 /* Debug */ = {
			isa = XCBuildConfiguration;
			baseConfigurationReference = BD0EE6682C79ABD8000D503C /* Config.xcconfig */;
			buildSettings = {
				ASSETCATALOG_COMPILER_APPICON_NAME = AppIcon;
				ASSETCATALOG_COMPILER_GLOBAL_ACCENT_COLOR_NAME = AccentColor;
				CODE_SIGN_ENTITLEMENTS = BasketStat_UIKit/BasketStat_UIKit.entitlements;
				CODE_SIGN_STYLE = Automatic;
				CURRENT_PROJECT_VERSION = 1;
				DEVELOPMENT_TEAM = YH4A87H8M4;
				ENABLE_USER_SCRIPT_SANDBOXING = NO;
				GENERATE_INFOPLIST_FILE = YES;
				INFOPLIST_FILE = BasketStat_UIKit/Info.plist;
				INFOPLIST_KEY_CFBundleDisplayName = BasketStat;
				INFOPLIST_KEY_NSCameraUsageDescription = "프로필 사진을 등록하기 위해 권한이 필요합니다 허용하시겠습니까?";
				INFOPLIST_KEY_NSPhotoLibraryUsageDescription = "프로필 사진을 등록하기 위해 권한이 필요합니다 허용하시겠습니까?";
				INFOPLIST_KEY_UIApplicationSupportsIndirectInputEvents = YES;
				INFOPLIST_KEY_UILaunchStoryboardName = LaunchScreen;
				INFOPLIST_KEY_UIStatusBarStyle = "";
				INFOPLIST_KEY_UISupportedInterfaceOrientations_iPad = "UIInterfaceOrientationPortrait UIInterfaceOrientationPortraitUpsideDown UIInterfaceOrientationLandscapeLeft UIInterfaceOrientationLandscapeRight";
				INFOPLIST_KEY_UISupportedInterfaceOrientations_iPhone = "UIInterfaceOrientationPortrait UIInterfaceOrientationLandscapeLeft UIInterfaceOrientationLandscapeRight";
				IPHONEOS_DEPLOYMENT_TARGET = 17.4;
				LD_RUNPATH_SEARCH_PATHS = (
					"$(inherited)",
					"@executable_path/Frameworks",
				);
				MARKETING_VERSION = 1.0;
				PRODUCT_BUNDLE_IDENTIFIER = com.wan.BasketStat;
				PRODUCT_NAME = "$(TARGET_NAME)";
				SWIFT_EMIT_LOC_STRINGS = YES;
				SWIFT_VERSION = 5.0;
				TARGETED_DEVICE_FAMILY = "1,2";
			};
			name = Debug;
		};
		BD0D63F92C3CB6E5004D3EE6 /* Release */ = {
			isa = XCBuildConfiguration;
			baseConfigurationReference = BD0EE6682C79ABD8000D503C /* Config.xcconfig */;
			buildSettings = {
				ASSETCATALOG_COMPILER_APPICON_NAME = AppIcon;
				ASSETCATALOG_COMPILER_GLOBAL_ACCENT_COLOR_NAME = AccentColor;
				CODE_SIGN_ENTITLEMENTS = BasketStat_UIKit/BasketStat_UIKit.entitlements;
				CODE_SIGN_STYLE = Automatic;
				CURRENT_PROJECT_VERSION = 1;
				DEVELOPMENT_TEAM = YH4A87H8M4;
				ENABLE_USER_SCRIPT_SANDBOXING = NO;
				GENERATE_INFOPLIST_FILE = YES;
				INFOPLIST_FILE = BasketStat_UIKit/Info.plist;
				INFOPLIST_KEY_CFBundleDisplayName = BasketStat;
				INFOPLIST_KEY_NSCameraUsageDescription = "프로필 사진을 등록하기 위해 권한이 필요합니다 허용하시겠습니까?";
				INFOPLIST_KEY_NSPhotoLibraryUsageDescription = "프로필 사진을 등록하기 위해 권한이 필요합니다 허용하시겠습니까?";
				INFOPLIST_KEY_UIApplicationSupportsIndirectInputEvents = YES;
				INFOPLIST_KEY_UILaunchStoryboardName = LaunchScreen;
				INFOPLIST_KEY_UIStatusBarStyle = "";
				INFOPLIST_KEY_UISupportedInterfaceOrientations_iPad = "UIInterfaceOrientationPortrait UIInterfaceOrientationPortraitUpsideDown UIInterfaceOrientationLandscapeLeft UIInterfaceOrientationLandscapeRight";
				INFOPLIST_KEY_UISupportedInterfaceOrientations_iPhone = "UIInterfaceOrientationPortrait UIInterfaceOrientationLandscapeLeft UIInterfaceOrientationLandscapeRight";
				IPHONEOS_DEPLOYMENT_TARGET = 17.4;
				LD_RUNPATH_SEARCH_PATHS = (
					"$(inherited)",
					"@executable_path/Frameworks",
				);
				MARKETING_VERSION = 1.0;
				PRODUCT_BUNDLE_IDENTIFIER = com.wan.BasketStat;
				PRODUCT_NAME = "$(TARGET_NAME)";
				SWIFT_EMIT_LOC_STRINGS = YES;
				SWIFT_VERSION = 5.0;
				TARGETED_DEVICE_FAMILY = "1,2";
			};
			name = Release;
		};
		BD0D63FB2C3CB6E5004D3EE6 /* Debug */ = {
			isa = XCBuildConfiguration;
			buildSettings = {
				ALWAYS_EMBED_SWIFT_STANDARD_LIBRARIES = YES;
				BUNDLE_LOADER = "$(TEST_HOST)";
				CODE_SIGN_STYLE = Automatic;
				CURRENT_PROJECT_VERSION = 1;
				GENERATE_INFOPLIST_FILE = YES;
				IPHONEOS_DEPLOYMENT_TARGET = 17.4;
				MARKETING_VERSION = 1.0;
				PRODUCT_BUNDLE_IDENTIFIER = "xx.BasketStat-UIKitTests";
				PRODUCT_NAME = "$(TARGET_NAME)";
				SWIFT_EMIT_LOC_STRINGS = NO;
				SWIFT_VERSION = 5.0;
				TARGETED_DEVICE_FAMILY = "1,2";
				TEST_HOST = "$(BUILT_PRODUCTS_DIR)/BasketStat_UIKit.app/$(BUNDLE_EXECUTABLE_FOLDER_PATH)/BasketStat_UIKit";
			};
			name = Debug;
		};
		BD0D63FC2C3CB6E5004D3EE6 /* Release */ = {
			isa = XCBuildConfiguration;
			buildSettings = {
				ALWAYS_EMBED_SWIFT_STANDARD_LIBRARIES = YES;
				BUNDLE_LOADER = "$(TEST_HOST)";
				CODE_SIGN_STYLE = Automatic;
				CURRENT_PROJECT_VERSION = 1;
				GENERATE_INFOPLIST_FILE = YES;
				IPHONEOS_DEPLOYMENT_TARGET = 17.4;
				MARKETING_VERSION = 1.0;
				PRODUCT_BUNDLE_IDENTIFIER = "xx.BasketStat-UIKitTests";
				PRODUCT_NAME = "$(TARGET_NAME)";
				SWIFT_EMIT_LOC_STRINGS = NO;
				SWIFT_VERSION = 5.0;
				TARGETED_DEVICE_FAMILY = "1,2";
				TEST_HOST = "$(BUILT_PRODUCTS_DIR)/BasketStat_UIKit.app/$(BUNDLE_EXECUTABLE_FOLDER_PATH)/BasketStat_UIKit";
			};
			name = Release;
		};
		BD0D63FE2C3CB6E5004D3EE6 /* Debug */ = {
			isa = XCBuildConfiguration;
			buildSettings = {
				ALWAYS_EMBED_SWIFT_STANDARD_LIBRARIES = YES;
				CODE_SIGN_STYLE = Automatic;
				CURRENT_PROJECT_VERSION = 1;
				GENERATE_INFOPLIST_FILE = YES;
				MARKETING_VERSION = 1.0;
				PRODUCT_BUNDLE_IDENTIFIER = "xx.BasketStat-UIKitUITests";
				PRODUCT_NAME = "$(TARGET_NAME)";
				SWIFT_EMIT_LOC_STRINGS = NO;
				SWIFT_VERSION = 5.0;
				TARGETED_DEVICE_FAMILY = "1,2";
				TEST_TARGET_NAME = BasketStat_UIKit;
			};
			name = Debug;
		};
		BD0D63FF2C3CB6E5004D3EE6 /* Release */ = {
			isa = XCBuildConfiguration;
			buildSettings = {
				ALWAYS_EMBED_SWIFT_STANDARD_LIBRARIES = YES;
				CODE_SIGN_STYLE = Automatic;
				CURRENT_PROJECT_VERSION = 1;
				GENERATE_INFOPLIST_FILE = YES;
				MARKETING_VERSION = 1.0;
				PRODUCT_BUNDLE_IDENTIFIER = "xx.BasketStat-UIKitUITests";
				PRODUCT_NAME = "$(TARGET_NAME)";
				SWIFT_EMIT_LOC_STRINGS = NO;
				SWIFT_VERSION = 5.0;
				TARGETED_DEVICE_FAMILY = "1,2";
				TEST_TARGET_NAME = BasketStat_UIKit;
			};
			name = Release;
		};
/* End XCBuildConfiguration section */

/* Begin XCConfigurationList section */
		60550DD62C61C6BA0027CF4E /* Build configuration list for PBXNativeTarget "BasketStat_AlgoliaTests" */ = {
			isa = XCConfigurationList;
			buildConfigurations = (
				60550DD72C61C6BA0027CF4E /* Debug */,
				60550DD82C61C6BA0027CF4E /* Release */,
			);
			defaultConfigurationIsVisible = 0;
			defaultConfigurationName = Release;
		};
		BD0D63C82C3CB6E4004D3EE6 /* Build configuration list for PBXProject "BasketStat_UIKit" */ = {
			isa = XCConfigurationList;
			buildConfigurations = (
				BD0D63F52C3CB6E5004D3EE6 /* Debug */,
				BD0D63F62C3CB6E5004D3EE6 /* Release */,
			);
			defaultConfigurationIsVisible = 0;
			defaultConfigurationName = Release;
		};
		BD0D63F72C3CB6E5004D3EE6 /* Build configuration list for PBXNativeTarget "BasketStat_UIKit" */ = {
			isa = XCConfigurationList;
			buildConfigurations = (
				BD0D63F82C3CB6E5004D3EE6 /* Debug */,
				BD0D63F92C3CB6E5004D3EE6 /* Release */,
			);
			defaultConfigurationIsVisible = 0;
			defaultConfigurationName = Release;
		};
		BD0D63FA2C3CB6E5004D3EE6 /* Build configuration list for PBXNativeTarget "BasketStat_UIKitTests" */ = {
			isa = XCConfigurationList;
			buildConfigurations = (
				BD0D63FB2C3CB6E5004D3EE6 /* Debug */,
				BD0D63FC2C3CB6E5004D3EE6 /* Release */,
			);
			defaultConfigurationIsVisible = 0;
			defaultConfigurationName = Release;
		};
		BD0D63FD2C3CB6E5004D3EE6 /* Build configuration list for PBXNativeTarget "BasketStat_UIKitUITests" */ = {
			isa = XCConfigurationList;
			buildConfigurations = (
				BD0D63FE2C3CB6E5004D3EE6 /* Debug */,
				BD0D63FF2C3CB6E5004D3EE6 /* Release */,
			);
			defaultConfigurationIsVisible = 0;
			defaultConfigurationName = Release;
		};
/* End XCConfigurationList section */

/* Begin XCRemoteSwiftPackageReference section */
		600941772C4EB7A000BA9123 /* XCRemoteSwiftPackageReference "RxGesture" */ = {
			isa = XCRemoteSwiftPackageReference;
			repositoryURL = "https://github.com/RxSwiftCommunity/RxGesture.git";
			requirement = {
				kind = upToNextMajorVersion;
				minimumVersion = 4.0.4;
			};
		};
		60550DC12C613C810027CF4E /* XCRemoteSwiftPackageReference "algoliasearch-client-swift" */ = {
			isa = XCRemoteSwiftPackageReference;
			repositoryURL = "https://github.com/algolia/algoliasearch-client-swift.git";
			requirement = {
				kind = upToNextMajorVersion;
				minimumVersion = 8.20.1;
			};
		};
		60FA94622C621D9A00F2A7ED /* XCRemoteSwiftPackageReference "Kingfisher" */ = {
			isa = XCRemoteSwiftPackageReference;
			repositoryURL = "https://github.com/onevcat/Kingfisher.git";
			requirement = {
				kind = upToNextMajorVersion;
				minimumVersion = 7.0.0;
			};
		};
		BD3572A82C463A3A004CB49F /* XCRemoteSwiftPackageReference "kakao-ios-sdk" */ = {
			isa = XCRemoteSwiftPackageReference;
			repositoryURL = "https://github.com/kakao/kakao-ios-sdk";
			requirement = {
				kind = upToNextMajorVersion;
				minimumVersion = 2.22.4;
			};
		};
		BD3572AD2C463A5B004CB49F /* XCRemoteSwiftPackageReference "GoogleSignIn-iOS" */ = {
			isa = XCRemoteSwiftPackageReference;
			repositoryURL = "https://github.com/google/GoogleSignIn-iOS";
			requirement = {
				kind = upToNextMajorVersion;
				minimumVersion = 7.1.0;
			};
		};
		BD3572B02C463A67004CB49F /* XCRemoteSwiftPackageReference "SnapKit" */ = {
			isa = XCRemoteSwiftPackageReference;
			repositoryURL = "https://github.com/SnapKit/SnapKit.git";
			requirement = {
				kind = upToNextMajorVersion;
				minimumVersion = 5.7.1;
			};
		};
		BD3572B32C463A72004CB49F /* XCRemoteSwiftPackageReference "Then" */ = {
			isa = XCRemoteSwiftPackageReference;
			repositoryURL = "https://github.com/devxoul/Then.git";
			requirement = {
				kind = upToNextMajorVersion;
				minimumVersion = 3.0.0;
			};
		};
		BD3572B62C463AAE004CB49F /* XCRemoteSwiftPackageReference "RxSwift" */ = {
			isa = XCRemoteSwiftPackageReference;
			repositoryURL = "https://github.com/ReactiveX/RxSwift";
			requirement = {
				kind = upToNextMajorVersion;
				minimumVersion = 6.7.1;
			};
		};
		BD3572BB2C463AC4004CB49F /* XCRemoteSwiftPackageReference "ReactorKit" */ = {
			isa = XCRemoteSwiftPackageReference;
			repositoryURL = "https://github.com/ReactorKit/ReactorKit";
			requirement = {
				kind = upToNextMajorVersion;
				minimumVersion = 3.2.0;
			};
		};
		BD3572BE2C463AEF004CB49F /* XCRemoteSwiftPackageReference "Moya" */ = {
			isa = XCRemoteSwiftPackageReference;
			repositoryURL = "https://github.com/Moya/Moya";
			requirement = {
				kind = upToNextMajorVersion;
				minimumVersion = 15.0.3;
			};
		};
		BD3572C52C463B32004CB49F /* XCRemoteSwiftPackageReference "firebase-ios-sdk" */ = {
			isa = XCRemoteSwiftPackageReference;
			repositoryURL = "https://github.com/firebase/firebase-ios-sdk";
			requirement = {
				kind = upToNextMajorVersion;
				minimumVersion = 10.29.0;
			};
		};
/* End XCRemoteSwiftPackageReference section */

/* Begin XCSwiftPackageProductDependency section */
		6009416F2C4E5CB800BA9123 /* FirebaseFirestore */ = {
			isa = XCSwiftPackageProductDependency;
			package = BD3572C52C463B32004CB49F /* XCRemoteSwiftPackageReference "firebase-ios-sdk" */;
			productName = FirebaseFirestore;
		};
		600941712C4E5CB800BA9123 /* FirebaseStorage */ = {
			isa = XCSwiftPackageProductDependency;
			package = BD3572C52C463B32004CB49F /* XCRemoteSwiftPackageReference "firebase-ios-sdk" */;
			productName = FirebaseStorage;
		};
		600941782C4EBA4200BA9123 /* RxGesture */ = {
			isa = XCSwiftPackageProductDependency;
			package = 600941772C4EB7A000BA9123 /* XCRemoteSwiftPackageReference "RxGesture" */;
			productName = RxGesture;
		};
		604605032C61D22500C0D4E7 /* AlgoliaSearchClient */ = {
			isa = XCSwiftPackageProductDependency;
			package = 60550DC12C613C810027CF4E /* XCRemoteSwiftPackageReference "algoliasearch-client-swift" */;
			productName = AlgoliaSearchClient;
		};
		60550D972C5B79D30027CF4E /* FirebaseFirestoreSwift */ = {
			isa = XCSwiftPackageProductDependency;
			package = BD3572C52C463B32004CB49F /* XCRemoteSwiftPackageReference "firebase-ios-sdk" */;
			productName = FirebaseFirestoreSwift;
		};
		60550DC22C613C8C0027CF4E /* AlgoliaSearchClient */ = {
			isa = XCSwiftPackageProductDependency;
			package = 60550DC12C613C810027CF4E /* XCRemoteSwiftPackageReference "algoliasearch-client-swift" */;
			productName = AlgoliaSearchClient;
		};
		60FA94632C621D9A00F2A7ED /* Kingfisher */ = {
			isa = XCSwiftPackageProductDependency;
			package = 60FA94622C621D9A00F2A7ED /* XCRemoteSwiftPackageReference "Kingfisher" */;
			productName = Kingfisher;
		};
		BD3572A92C463A3A004CB49F /* KakaoSDK */ = {
			isa = XCSwiftPackageProductDependency;
			package = BD3572A82C463A3A004CB49F /* XCRemoteSwiftPackageReference "kakao-ios-sdk" */;
			productName = KakaoSDK;
		};
		BD3572AB2C463A3A004CB49F /* KakaoSDKAuth */ = {
			isa = XCSwiftPackageProductDependency;
			package = BD3572A82C463A3A004CB49F /* XCRemoteSwiftPackageReference "kakao-ios-sdk" */;
			productName = KakaoSDKAuth;
		};
		BD3572AE2C463A5B004CB49F /* GoogleSignIn */ = {
			isa = XCSwiftPackageProductDependency;
			package = BD3572AD2C463A5B004CB49F /* XCRemoteSwiftPackageReference "GoogleSignIn-iOS" */;
			productName = GoogleSignIn;
		};
		BD3572B12C463A67004CB49F /* SnapKit */ = {
			isa = XCSwiftPackageProductDependency;
			package = BD3572B02C463A67004CB49F /* XCRemoteSwiftPackageReference "SnapKit" */;
			productName = SnapKit;
		};
		BD3572B42C463A72004CB49F /* Then */ = {
			isa = XCSwiftPackageProductDependency;
			package = BD3572B32C463A72004CB49F /* XCRemoteSwiftPackageReference "Then" */;
			productName = Then;
		};
		BD3572B72C463AAE004CB49F /* RxCocoa */ = {
			isa = XCSwiftPackageProductDependency;
			package = BD3572B62C463AAE004CB49F /* XCRemoteSwiftPackageReference "RxSwift" */;
			productName = RxCocoa;
		};
		BD3572B92C463AAE004CB49F /* RxSwift */ = {
			isa = XCSwiftPackageProductDependency;
			package = BD3572B62C463AAE004CB49F /* XCRemoteSwiftPackageReference "RxSwift" */;
			productName = RxSwift;
		};
		BD3572BC2C463AC4004CB49F /* ReactorKit */ = {
			isa = XCSwiftPackageProductDependency;
			package = BD3572BB2C463AC4004CB49F /* XCRemoteSwiftPackageReference "ReactorKit" */;
			productName = ReactorKit;
		};
		BD3572BF2C463AEF004CB49F /* Moya */ = {
			isa = XCSwiftPackageProductDependency;
			package = BD3572BE2C463AEF004CB49F /* XCRemoteSwiftPackageReference "Moya" */;
			productName = Moya;
		};
		BD3572C12C463AEF004CB49F /* ReactiveMoya */ = {
			isa = XCSwiftPackageProductDependency;
			package = BD3572BE2C463AEF004CB49F /* XCRemoteSwiftPackageReference "Moya" */;
			productName = ReactiveMoya;
		};
		BD3572C32C463AEF004CB49F /* RxMoya */ = {
			isa = XCSwiftPackageProductDependency;
			package = BD3572BE2C463AEF004CB49F /* XCRemoteSwiftPackageReference "Moya" */;
			productName = RxMoya;
		};
		BD3572C62C463B32004CB49F /* FirebaseAuth */ = {
			isa = XCSwiftPackageProductDependency;
			package = BD3572C52C463B32004CB49F /* XCRemoteSwiftPackageReference "firebase-ios-sdk" */;
			productName = FirebaseAuth;
		};
/* End XCSwiftPackageProductDependency section */

/* Begin XCVersionGroup section */
		BD1223EE2C72D61400DF155C /* GameStat.xcdatamodeld */ = {
			isa = XCVersionGroup;
			children = (
				BD1223EF2C72D61400DF155C /* PlayerStat.xcdatamodel */,
			);
			currentVersion = BD1223EF2C72D61400DF155C /* PlayerStat.xcdatamodel */;
			path = GameStat.xcdatamodeld;
			sourceTree = "<group>";
			versionGroupType = wrapper.xcdatamodel;
		};
/* End XCVersionGroup section */
	};
	rootObject = BD0D63C52C3CB6E4004D3EE6 /* Project object */;
}
