// !$*UTF8*$!
{
	archiveVersion = 1;
	classes = {
	};
	objectVersion = 56;
	objects = {

/* Begin PBXBuildFile section */
		600846DB2C3DB6FF00DE64E2 /* .gitattributes in Resources */ = {isa = PBXBuildFile; fileRef = 600846D92C3DB6FF00DE64E2 /* .gitattributes */; };
		600846DC2C3DB6FF00DE64E2 /* .gitignore in Resources */ = {isa = PBXBuildFile; fileRef = 600846DA2C3DB6FF00DE64E2 /* .gitignore */; };
		603425902C3DAB7900DA49D5 /* KakaoService.swift in Sources */ = {isa = PBXBuildFile; fileRef = 6034257A2C3DAB7900DA49D5 /* KakaoService.swift */; };
		603425912C3DAB7900DA49D5 /* GoogleService-Info.plist in Resources */ = {isa = PBXBuildFile; fileRef = 6034257B2C3DAB7900DA49D5 /* GoogleService-Info.plist */; };
		603425922C3DAB7900DA49D5 /* LoginVC.swift in Sources */ = {isa = PBXBuildFile; fileRef = 6034257C2C3DAB7900DA49D5 /* LoginVC.swift */; };
		603425932C3DAB7900DA49D5 /* BuilderVC.swift in Sources */ = {isa = PBXBuildFile; fileRef = 6034257D2C3DAB7900DA49D5 /* BuilderVC.swift */; };
		603425942C3DAB7900DA49D5 /* PlayerModel.swift in Sources */ = {isa = PBXBuildFile; fileRef = 6034257F2C3DAB7900DA49D5 /* PlayerModel.swift */; };
		603425A82C3DAC3700DA49D5 /* LoginVC.swift in Sources */ = {isa = PBXBuildFile; fileRef = 603425A22C3DAC3700DA49D5 /* LoginVC.swift */; };
		603425A92C3DAC3700DA49D5 /* PlayerModel.swift in Sources */ = {isa = PBXBuildFile; fileRef = 603425A32C3DAC3700DA49D5 /* PlayerModel.swift */; };
		BD0D63D12C3CB6E4004D3EE6 /* AppDelegate.swift in Sources */ = {isa = PBXBuildFile; fileRef = BD0D63D02C3CB6E4004D3EE6 /* AppDelegate.swift */; };
		BD0D63D32C3CB6E4004D3EE6 /* SceneDelegate.swift in Sources */ = {isa = PBXBuildFile; fileRef = BD0D63D22C3CB6E4004D3EE6 /* SceneDelegate.swift */; };
		BD0D63DA2C3CB6E5004D3EE6 /* Assets.xcassets in Resources */ = {isa = PBXBuildFile; fileRef = BD0D63D92C3CB6E5004D3EE6 /* Assets.xcassets */; };
		BD0D63DD2C3CB6E5004D3EE6 /* Base in Resources */ = {isa = PBXBuildFile; fileRef = BD0D63DC2C3CB6E5004D3EE6 /* Base */; };
		BD0D63E82C3CB6E5004D3EE6 /* BasketStat_UIKitTests.swift in Sources */ = {isa = PBXBuildFile; fileRef = BD0D63E72C3CB6E5004D3EE6 /* BasketStat_UIKitTests.swift */; };
		BD0D63F22C3CB6E5004D3EE6 /* BasketStat_UIKitUITests.swift in Sources */ = {isa = PBXBuildFile; fileRef = BD0D63F12C3CB6E5004D3EE6 /* BasketStat_UIKitUITests.swift */; };
		BD0D63F42C3CB6E5004D3EE6 /* BasketStat_UIKitUITestsLaunchTests.swift in Sources */ = {isa = PBXBuildFile; fileRef = BD0D63F32C3CB6E5004D3EE6 /* BasketStat_UIKitUITestsLaunchTests.swift */; };
		BD0D64122C3CDC13004D3EE6 /* UIColor+Extension.swift in Sources */ = {isa = PBXBuildFile; fileRef = BD0D64112C3CDC13004D3EE6 /* UIColor+Extension.swift */; };
		BD3572992C46066D004CB49F /* GameStatVC.swift in Sources */ = {isa = PBXBuildFile; fileRef = BD3572982C46066D004CB49F /* GameStatVC.swift */; };
		BD35729C2C461002004CB49F /* GameStatReactor.swift in Sources */ = {isa = PBXBuildFile; fileRef = BD35729B2C461002004CB49F /* GameStatReactor.swift */; };
		BD3572AA2C463A3A004CB49F /* KakaoSDK in Frameworks */ = {isa = PBXBuildFile; productRef = BD3572A92C463A3A004CB49F /* KakaoSDK */; };
		BD3572AC2C463A3A004CB49F /* KakaoSDKAuth in Frameworks */ = {isa = PBXBuildFile; productRef = BD3572AB2C463A3A004CB49F /* KakaoSDKAuth */; };
		BD3572AF2C463A5B004CB49F /* GoogleSignIn in Frameworks */ = {isa = PBXBuildFile; productRef = BD3572AE2C463A5B004CB49F /* GoogleSignIn */; };
		BD3572B22C463A67004CB49F /* SnapKit in Frameworks */ = {isa = PBXBuildFile; productRef = BD3572B12C463A67004CB49F /* SnapKit */; };
		BD3572B52C463A72004CB49F /* Then in Frameworks */ = {isa = PBXBuildFile; productRef = BD3572B42C463A72004CB49F /* Then */; };
		BD3572B82C463AAE004CB49F /* RxCocoa in Frameworks */ = {isa = PBXBuildFile; productRef = BD3572B72C463AAE004CB49F /* RxCocoa */; };
		BD3572BA2C463AAE004CB49F /* RxSwift in Frameworks */ = {isa = PBXBuildFile; productRef = BD3572B92C463AAE004CB49F /* RxSwift */; };
		BD3572BD2C463AC4004CB49F /* ReactorKit in Frameworks */ = {isa = PBXBuildFile; productRef = BD3572BC2C463AC4004CB49F /* ReactorKit */; };
		BD3572C02C463AEF004CB49F /* Moya in Frameworks */ = {isa = PBXBuildFile; productRef = BD3572BF2C463AEF004CB49F /* Moya */; };
		BD3572C22C463AEF004CB49F /* ReactiveMoya in Frameworks */ = {isa = PBXBuildFile; productRef = BD3572C12C463AEF004CB49F /* ReactiveMoya */; };
		BD3572C42C463AEF004CB49F /* RxMoya in Frameworks */ = {isa = PBXBuildFile; productRef = BD3572C32C463AEF004CB49F /* RxMoya */; };
		BD3572C72C463B32004CB49F /* FirebaseAuth in Frameworks */ = {isa = PBXBuildFile; productRef = BD3572C62C463B32004CB49F /* FirebaseAuth */; };
/* End PBXBuildFile section */

/* Begin PBXContainerItemProxy section */
		BD0D63E42C3CB6E5004D3EE6 /* PBXContainerItemProxy */ = {
			isa = PBXContainerItemProxy;
			containerPortal = BD0D63C52C3CB6E4004D3EE6 /* Project object */;
			proxyType = 1;
			remoteGlobalIDString = BD0D63CC2C3CB6E4004D3EE6;
			remoteInfo = BasketStat_UIKit;
		};
		BD0D63EE2C3CB6E5004D3EE6 /* PBXContainerItemProxy */ = {
			isa = PBXContainerItemProxy;
			containerPortal = BD0D63C52C3CB6E4004D3EE6 /* Project object */;
			proxyType = 1;
			remoteGlobalIDString = BD0D63CC2C3CB6E4004D3EE6;
			remoteInfo = BasketStat_UIKit;
		};
/* End PBXContainerItemProxy section */

/* Begin PBXFileReference section */
		600846D92C3DB6FF00DE64E2 /* .gitattributes */ = {isa = PBXFileReference; fileEncoding = 4; lastKnownFileType = text; path = .gitattributes; sourceTree = "<group>"; };
		600846DA2C3DB6FF00DE64E2 /* .gitignore */ = {isa = PBXFileReference; fileEncoding = 4; lastKnownFileType = text; path = .gitignore; sourceTree = "<group>"; };
		6034257A2C3DAB7900DA49D5 /* KakaoService.swift */ = {isa = PBXFileReference; fileEncoding = 4; lastKnownFileType = sourcecode.swift; path = KakaoService.swift; sourceTree = "<group>"; };
		6034257B2C3DAB7900DA49D5 /* GoogleService-Info.plist */ = {isa = PBXFileReference; fileEncoding = 4; lastKnownFileType = text.plist.xml; path = "GoogleService-Info.plist"; sourceTree = "<group>"; };
		6034257C2C3DAB7900DA49D5 /* LoginVC.swift */ = {isa = PBXFileReference; fileEncoding = 4; lastKnownFileType = sourcecode.swift; path = LoginVC.swift; sourceTree = "<group>"; };
		6034257D2C3DAB7900DA49D5 /* BuilderVC.swift */ = {isa = PBXFileReference; fileEncoding = 4; lastKnownFileType = sourcecode.swift; path = BuilderVC.swift; sourceTree = "<group>"; };
		6034257E2C3DAB7900DA49D5 /* BasketStat_UIKit.entitlements */ = {isa = PBXFileReference; fileEncoding = 4; lastKnownFileType = text.plist.entitlements; path = BasketStat_UIKit.entitlements; sourceTree = "<group>"; };
		6034257F2C3DAB7900DA49D5 /* PlayerModel.swift */ = {isa = PBXFileReference; fileEncoding = 4; lastKnownFileType = sourcecode.swift; path = PlayerModel.swift; sourceTree = "<group>"; };
		603425A22C3DAC3700DA49D5 /* LoginVC.swift */ = {isa = PBXFileReference; fileEncoding = 4; lastKnownFileType = sourcecode.swift; path = LoginVC.swift; sourceTree = "<group>"; };
		603425A32C3DAC3700DA49D5 /* PlayerModel.swift */ = {isa = PBXFileReference; fileEncoding = 4; lastKnownFileType = sourcecode.swift; path = PlayerModel.swift; sourceTree = "<group>"; };
		BD0D63CD2C3CB6E4004D3EE6 /* BasketStat_UIKit.app */ = {isa = PBXFileReference; explicitFileType = wrapper.application; includeInIndex = 0; path = BasketStat_UIKit.app; sourceTree = BUILT_PRODUCTS_DIR; };
		BD0D63D02C3CB6E4004D3EE6 /* AppDelegate.swift */ = {isa = PBXFileReference; lastKnownFileType = sourcecode.swift; path = AppDelegate.swift; sourceTree = "<group>"; };
		BD0D63D22C3CB6E4004D3EE6 /* SceneDelegate.swift */ = {isa = PBXFileReference; lastKnownFileType = sourcecode.swift; path = SceneDelegate.swift; sourceTree = "<group>"; };
		BD0D63D92C3CB6E5004D3EE6 /* Assets.xcassets */ = {isa = PBXFileReference; lastKnownFileType = folder.assetcatalog; path = Assets.xcassets; sourceTree = "<group>"; };
		BD0D63DC2C3CB6E5004D3EE6 /* Base */ = {isa = PBXFileReference; lastKnownFileType = file.storyboard; name = Base; path = Base.lproj/LaunchScreen.storyboard; sourceTree = "<group>"; };
		BD0D63DE2C3CB6E5004D3EE6 /* Info.plist */ = {isa = PBXFileReference; lastKnownFileType = text.plist.xml; path = Info.plist; sourceTree = "<group>"; };
		BD0D63E32C3CB6E5004D3EE6 /* BasketStat_UIKitTests.xctest */ = {isa = PBXFileReference; explicitFileType = wrapper.cfbundle; includeInIndex = 0; path = BasketStat_UIKitTests.xctest; sourceTree = BUILT_PRODUCTS_DIR; };
		BD0D63E72C3CB6E5004D3EE6 /* BasketStat_UIKitTests.swift */ = {isa = PBXFileReference; lastKnownFileType = sourcecode.swift; path = BasketStat_UIKitTests.swift; sourceTree = "<group>"; };
		BD0D63ED2C3CB6E5004D3EE6 /* BasketStat_UIKitUITests.xctest */ = {isa = PBXFileReference; explicitFileType = wrapper.cfbundle; includeInIndex = 0; path = BasketStat_UIKitUITests.xctest; sourceTree = BUILT_PRODUCTS_DIR; };
		BD0D63F12C3CB6E5004D3EE6 /* BasketStat_UIKitUITests.swift */ = {isa = PBXFileReference; lastKnownFileType = sourcecode.swift; path = BasketStat_UIKitUITests.swift; sourceTree = "<group>"; };
		BD0D63F32C3CB6E5004D3EE6 /* BasketStat_UIKitUITestsLaunchTests.swift */ = {isa = PBXFileReference; lastKnownFileType = sourcecode.swift; path = BasketStat_UIKitUITestsLaunchTests.swift; sourceTree = "<group>"; };
		BD0D64112C3CDC13004D3EE6 /* UIColor+Extension.swift */ = {isa = PBXFileReference; lastKnownFileType = sourcecode.swift; path = "UIColor+Extension.swift"; sourceTree = "<group>"; };
		BD3572982C46066D004CB49F /* GameStatVC.swift */ = {isa = PBXFileReference; lastKnownFileType = sourcecode.swift; path = GameStatVC.swift; sourceTree = "<group>"; };
		BD35729B2C461002004CB49F /* GameStatReactor.swift */ = {isa = PBXFileReference; lastKnownFileType = sourcecode.swift; path = GameStatReactor.swift; sourceTree = "<group>"; };
/* End PBXFileReference section */

/* Begin PBXFrameworksBuildPhase section */
		BD0D63CA2C3CB6E4004D3EE6 /* Frameworks */ = {
			isa = PBXFrameworksBuildPhase;
			buildActionMask = 2147483647;
			files = (
				BD3572B82C463AAE004CB49F /* RxCocoa in Frameworks */,
				BD3572B52C463A72004CB49F /* Then in Frameworks */,
				BD3572C02C463AEF004CB49F /* Moya in Frameworks */,
				BD3572C42C463AEF004CB49F /* RxMoya in Frameworks */,
				BD3572C22C463AEF004CB49F /* ReactiveMoya in Frameworks */,
				BD3572BD2C463AC4004CB49F /* ReactorKit in Frameworks */,
				BD3572AC2C463A3A004CB49F /* KakaoSDKAuth in Frameworks */,
				BD3572C72C463B32004CB49F /* FirebaseAuth in Frameworks */,
				BD3572B22C463A67004CB49F /* SnapKit in Frameworks */,
				BD3572AA2C463A3A004CB49F /* KakaoSDK in Frameworks */,
				BD3572AF2C463A5B004CB49F /* GoogleSignIn in Frameworks */,
				BD3572BA2C463AAE004CB49F /* RxSwift in Frameworks */,
			);
			runOnlyForDeploymentPostprocessing = 0;
		};
		BD0D63E02C3CB6E5004D3EE6 /* Frameworks */ = {
			isa = PBXFrameworksBuildPhase;
			buildActionMask = 2147483647;
			files = (
			);
			runOnlyForDeploymentPostprocessing = 0;
		};
		BD0D63EA2C3CB6E5004D3EE6 /* Frameworks */ = {
			isa = PBXFrameworksBuildPhase;
			buildActionMask = 2147483647;
			files = (
			);
			runOnlyForDeploymentPostprocessing = 0;
		};
/* End PBXFrameworksBuildPhase section */

/* Begin PBXGroup section */
		BD0D63C42C3CB6E4004D3EE6 = {
			isa = PBXGroup;
			children = (
				BD0D63CF2C3CB6E4004D3EE6 /* BasketStat_UIKit */,
				BD0D63E62C3CB6E5004D3EE6 /* BasketStat_UIKitTests */,
				BD0D63F02C3CB6E5004D3EE6 /* BasketStat_UIKitUITests */,
				BD0D63CE2C3CB6E4004D3EE6 /* Products */,
			);
			sourceTree = "<group>";
		};
		BD0D63CE2C3CB6E4004D3EE6 /* Products */ = {
			isa = PBXGroup;
			children = (
				BD0D63CD2C3CB6E4004D3EE6 /* BasketStat_UIKit.app */,
				BD0D63E32C3CB6E5004D3EE6 /* BasketStat_UIKitTests.xctest */,
				BD0D63ED2C3CB6E5004D3EE6 /* BasketStat_UIKitUITests.xctest */,
			);
			name = Products;
			sourceTree = "<group>";
		};
		BD0D63CF2C3CB6E4004D3EE6 /* BasketStat_UIKit */ = {
			isa = PBXGroup;
			children = (
				600846D92C3DB6FF00DE64E2 /* .gitattributes */,
				600846DA2C3DB6FF00DE64E2 /* .gitignore */,
				6034257E2C3DAB7900DA49D5 /* BasketStat_UIKit.entitlements */,
				6034257D2C3DAB7900DA49D5 /* BuilderVC.swift */,
				6034257A2C3DAB7900DA49D5 /* KakaoService.swift */,
				BD3572982C46066D004CB49F /* GameStatVC.swift */,
				BD35729B2C461002004CB49F /* GameStatReactor.swift */,
				6034257C2C3DAB7900DA49D5 /* LoginVC.swift */,
				6034257F2C3DAB7900DA49D5 /* PlayerModel.swift */,
				BD0D63D02C3CB6E4004D3EE6 /* AppDelegate.swift */,
				BD0D63D22C3CB6E4004D3EE6 /* SceneDelegate.swift */,
				603425A22C3DAC3700DA49D5 /* LoginVC.swift */,
				603425A32C3DAC3700DA49D5 /* PlayerModel.swift */,
				BD0D64102C3CDBEE004D3EE6 /* Extension */,
				BD0D63D92C3CB6E5004D3EE6 /* Assets.xcassets */,
				BD0D63DB2C3CB6E5004D3EE6 /* LaunchScreen.storyboard */,
				6034257B2C3DAB7900DA49D5 /* GoogleService-Info.plist */,
				BD0D63DE2C3CB6E5004D3EE6 /* Info.plist */,
			);
			path = BasketStat_UIKit;
			sourceTree = "<group>";
		};
		BD0D63E62C3CB6E5004D3EE6 /* BasketStat_UIKitTests */ = {
			isa = PBXGroup;
			children = (
				BD0D63E72C3CB6E5004D3EE6 /* BasketStat_UIKitTests.swift */,
			);
			path = BasketStat_UIKitTests;
			sourceTree = "<group>";
		};
		BD0D63F02C3CB6E5004D3EE6 /* BasketStat_UIKitUITests */ = {
			isa = PBXGroup;
			children = (
				BD0D63F12C3CB6E5004D3EE6 /* BasketStat_UIKitUITests.swift */,
				BD0D63F32C3CB6E5004D3EE6 /* BasketStat_UIKitUITestsLaunchTests.swift */,
			);
			path = BasketStat_UIKitUITests;
			sourceTree = "<group>";
		};
		BD0D64102C3CDBEE004D3EE6 /* Extension */ = {
			isa = PBXGroup;
			children = (
				BD0D64112C3CDC13004D3EE6 /* UIColor+Extension.swift */,
			);
			path = Extension;
			sourceTree = "<group>";
		};
/* End PBXGroup section */

/* Begin PBXNativeTarget section */
		BD0D63CC2C3CB6E4004D3EE6 /* BasketStat_UIKit */ = {
			isa = PBXNativeTarget;
			buildConfigurationList = BD0D63F72C3CB6E5004D3EE6 /* Build configuration list for PBXNativeTarget "BasketStat_UIKit" */;
			buildPhases = (
				BD0D63C92C3CB6E4004D3EE6 /* Sources */,
				BD0D63CA2C3CB6E4004D3EE6 /* Frameworks */,
				BD0D63CB2C3CB6E4004D3EE6 /* Resources */,
			);
			buildRules = (
			);
			dependencies = (
			);
			name = BasketStat_UIKit;
			packageProductDependencies = (
				BD3572A92C463A3A004CB49F /* KakaoSDK */,
				BD3572AB2C463A3A004CB49F /* KakaoSDKAuth */,
				BD3572AE2C463A5B004CB49F /* GoogleSignIn */,
				BD3572B12C463A67004CB49F /* SnapKit */,
				BD3572B42C463A72004CB49F /* Then */,
				BD3572B72C463AAE004CB49F /* RxCocoa */,
				BD3572B92C463AAE004CB49F /* RxSwift */,
				BD3572BC2C463AC4004CB49F /* ReactorKit */,
				BD3572BF2C463AEF004CB49F /* Moya */,
				BD3572C12C463AEF004CB49F /* ReactiveMoya */,
				BD3572C32C463AEF004CB49F /* RxMoya */,
				BD3572C62C463B32004CB49F /* FirebaseAuth */,
			);
			productName = BasketStat_UIKit;
			productReference = BD0D63CD2C3CB6E4004D3EE6 /* BasketStat_UIKit.app */;
			productType = "com.apple.product-type.application";
		};
		BD0D63E22C3CB6E5004D3EE6 /* BasketStat_UIKitTests */ = {
			isa = PBXNativeTarget;
			buildConfigurationList = BD0D63FA2C3CB6E5004D3EE6 /* Build configuration list for PBXNativeTarget "BasketStat_UIKitTests" */;
			buildPhases = (
				BD0D63DF2C3CB6E5004D3EE6 /* Sources */,
				BD0D63E02C3CB6E5004D3EE6 /* Frameworks */,
				BD0D63E12C3CB6E5004D3EE6 /* Resources */,
			);
			buildRules = (
			);
			dependencies = (
				BD0D63E52C3CB6E5004D3EE6 /* PBXTargetDependency */,
			);
			name = BasketStat_UIKitTests;
			productName = BasketStat_UIKitTests;
			productReference = BD0D63E32C3CB6E5004D3EE6 /* BasketStat_UIKitTests.xctest */;
			productType = "com.apple.product-type.bundle.unit-test";
		};
		BD0D63EC2C3CB6E5004D3EE6 /* BasketStat_UIKitUITests */ = {
			isa = PBXNativeTarget;
			buildConfigurationList = BD0D63FD2C3CB6E5004D3EE6 /* Build configuration list for PBXNativeTarget "BasketStat_UIKitUITests" */;
			buildPhases = (
				BD0D63E92C3CB6E5004D3EE6 /* Sources */,
				BD0D63EA2C3CB6E5004D3EE6 /* Frameworks */,
				BD0D63EB2C3CB6E5004D3EE6 /* Resources */,
			);
			buildRules = (
			);
			dependencies = (
				BD0D63EF2C3CB6E5004D3EE6 /* PBXTargetDependency */,
			);
			name = BasketStat_UIKitUITests;
			productName = BasketStat_UIKitUITests;
			productReference = BD0D63ED2C3CB6E5004D3EE6 /* BasketStat_UIKitUITests.xctest */;
			productType = "com.apple.product-type.bundle.ui-testing";
		};
/* End PBXNativeTarget section */

/* Begin PBXProject section */
		BD0D63C52C3CB6E4004D3EE6 /* Project object */ = {
			isa = PBXProject;
			attributes = {
				BuildIndependentTargetsInParallel = 1;
				LastSwiftUpdateCheck = 1540;
				LastUpgradeCheck = 1540;
				TargetAttributes = {
					BD0D63CC2C3CB6E4004D3EE6 = {
						CreatedOnToolsVersion = 15.4;
					};
					BD0D63E22C3CB6E5004D3EE6 = {
						CreatedOnToolsVersion = 15.4;
						TestTargetID = BD0D63CC2C3CB6E4004D3EE6;
					};
					BD0D63EC2C3CB6E5004D3EE6 = {
						CreatedOnToolsVersion = 15.4;
						TestTargetID = BD0D63CC2C3CB6E4004D3EE6;
					};
				};
			};
			buildConfigurationList = BD0D63C82C3CB6E4004D3EE6 /* Build configuration list for PBXProject "BasketStat_UIKit" */;
			compatibilityVersion = "Xcode 14.0";
			developmentRegion = en;
			hasScannedForEncodings = 0;
			knownRegions = (
				en,
				Base,
			);
			mainGroup = BD0D63C42C3CB6E4004D3EE6;
			packageReferences = (
				BD3572A82C463A3A004CB49F /* XCRemoteSwiftPackageReference "kakao-ios-sdk" */,
				BD3572AD2C463A5B004CB49F /* XCRemoteSwiftPackageReference "GoogleSignIn-iOS" */,
				BD3572B02C463A67004CB49F /* XCRemoteSwiftPackageReference "SnapKit" */,
				BD3572B32C463A72004CB49F /* XCRemoteSwiftPackageReference "Then" */,
				BD3572B62C463AAE004CB49F /* XCRemoteSwiftPackageReference "RxSwift" */,
				BD3572BB2C463AC4004CB49F /* XCRemoteSwiftPackageReference "ReactorKit" */,
				BD3572BE2C463AEF004CB49F /* XCRemoteSwiftPackageReference "Moya" */,
				BD3572C52C463B32004CB49F /* XCRemoteSwiftPackageReference "firebase-ios-sdk" */,
			);
			productRefGroup = BD0D63CE2C3CB6E4004D3EE6 /* Products */;
			projectDirPath = "";
			projectRoot = "";
			targets = (
				BD0D63CC2C3CB6E4004D3EE6 /* BasketStat_UIKit */,
				BD0D63E22C3CB6E5004D3EE6 /* BasketStat_UIKitTests */,
				BD0D63EC2C3CB6E5004D3EE6 /* BasketStat_UIKitUITests */,
			);
		};
/* End PBXProject section */

/* Begin PBXResourcesBuildPhase section */
		BD0D63CB2C3CB6E4004D3EE6 /* Resources */ = {
			isa = PBXResourcesBuildPhase;
			buildActionMask = 2147483647;
			files = (
				600846DC2C3DB6FF00DE64E2 /* .gitignore in Resources */,
				BD0D63DA2C3CB6E5004D3EE6 /* Assets.xcassets in Resources */,
				BD0D63DD2C3CB6E5004D3EE6 /* Base in Resources */,
				603425912C3DAB7900DA49D5 /* GoogleService-Info.plist in Resources */,
				600846DB2C3DB6FF00DE64E2 /* .gitattributes in Resources */,
			);
			runOnlyForDeploymentPostprocessing = 0;
		};
		BD0D63E12C3CB6E5004D3EE6 /* Resources */ = {
			isa = PBXResourcesBuildPhase;
			buildActionMask = 2147483647;
			files = (
			);
			runOnlyForDeploymentPostprocessing = 0;
		};
		BD0D63EB2C3CB6E5004D3EE6 /* Resources */ = {
			isa = PBXResourcesBuildPhase;
			buildActionMask = 2147483647;
			files = (
			);
			runOnlyForDeploymentPostprocessing = 0;
		};
/* End PBXResourcesBuildPhase section */

/* Begin PBXSourcesBuildPhase section */
		BD0D63C92C3CB6E4004D3EE6 /* Sources */ = {
			isa = PBXSourcesBuildPhase;
			buildActionMask = 2147483647;
			files = (
				603425902C3DAB7900DA49D5 /* KakaoService.swift in Sources */,
				603425A92C3DAC3700DA49D5 /* PlayerModel.swift in Sources */,
				603425942C3DAB7900DA49D5 /* PlayerModel.swift in Sources */,
				603425A82C3DAC3700DA49D5 /* LoginVC.swift in Sources */,
				BD3572992C46066D004CB49F /* GameStatVC.swift in Sources */,
				603425922C3DAB7900DA49D5 /* LoginVC.swift in Sources */,
				BD35729C2C461002004CB49F /* GameStatReactor.swift in Sources */,
				603425932C3DAB7900DA49D5 /* BuilderVC.swift in Sources */,
				BD0D63D12C3CB6E4004D3EE6 /* AppDelegate.swift in Sources */,
				BD0D63D32C3CB6E4004D3EE6 /* SceneDelegate.swift in Sources */,
				BD0D64122C3CDC13004D3EE6 /* UIColor+Extension.swift in Sources */,
			);
			runOnlyForDeploymentPostprocessing = 0;
		};
		BD0D63DF2C3CB6E5004D3EE6 /* Sources */ = {
			isa = PBXSourcesBuildPhase;
			buildActionMask = 2147483647;
			files = (
				BD0D63E82C3CB6E5004D3EE6 /* BasketStat_UIKitTests.swift in Sources */,
			);
			runOnlyForDeploymentPostprocessing = 0;
		};
		BD0D63E92C3CB6E5004D3EE6 /* Sources */ = {
			isa = PBXSourcesBuildPhase;
			buildActionMask = 2147483647;
			files = (
				BD0D63F22C3CB6E5004D3EE6 /* BasketStat_UIKitUITests.swift in Sources */,
				BD0D63F42C3CB6E5004D3EE6 /* BasketStat_UIKitUITestsLaunchTests.swift in Sources */,
			);
			runOnlyForDeploymentPostprocessing = 0;
		};
/* End PBXSourcesBuildPhase section */

/* Begin PBXTargetDependency section */
		BD0D63E52C3CB6E5004D3EE6 /* PBXTargetDependency */ = {
			isa = PBXTargetDependency;
			target = BD0D63CC2C3CB6E4004D3EE6 /* BasketStat_UIKit */;
			targetProxy = BD0D63E42C3CB6E5004D3EE6 /* PBXContainerItemProxy */;
		};
		BD0D63EF2C3CB6E5004D3EE6 /* PBXTargetDependency */ = {
			isa = PBXTargetDependency;
			target = BD0D63CC2C3CB6E4004D3EE6 /* BasketStat_UIKit */;
			targetProxy = BD0D63EE2C3CB6E5004D3EE6 /* PBXContainerItemProxy */;
		};
/* End PBXTargetDependency section */

/* Begin PBXVariantGroup section */
		BD0D63DB2C3CB6E5004D3EE6 /* LaunchScreen.storyboard */ = {
			isa = PBXVariantGroup;
			children = (
				BD0D63DC2C3CB6E5004D3EE6 /* Base */,
			);
			name = LaunchScreen.storyboard;
			sourceTree = "<group>";
		};
/* End PBXVariantGroup section */

/* Begin XCBuildConfiguration section */
		BD0D63F52C3CB6E5004D3EE6 /* Debug */ = {
			isa = XCBuildConfiguration;
			buildSettings = {
				ALWAYS_SEARCH_USER_PATHS = NO;
				ASSETCATALOG_COMPILER_GENERATE_SWIFT_ASSET_SYMBOL_EXTENSIONS = YES;
				CLANG_ANALYZER_NONNULL = YES;
				CLANG_ANALYZER_NUMBER_OBJECT_CONVERSION = YES_AGGRESSIVE;
				CLANG_CXX_LANGUAGE_STANDARD = "gnu++20";
				CLANG_ENABLE_MODULES = YES;
				CLANG_ENABLE_OBJC_ARC = YES;
				CLANG_ENABLE_OBJC_WEAK = YES;
				CLANG_WARN_BLOCK_CAPTURE_AUTORELEASING = YES;
				CLANG_WARN_BOOL_CONVERSION = YES;
				CLANG_WARN_COMMA = YES;
				CLANG_WARN_CONSTANT_CONVERSION = YES;
				CLANG_WARN_DEPRECATED_OBJC_IMPLEMENTATIONS = YES;
				CLANG_WARN_DIRECT_OBJC_ISA_USAGE = YES_ERROR;
				CLANG_WARN_DOCUMENTATION_COMMENTS = YES;
				CLANG_WARN_EMPTY_BODY = YES;
				CLANG_WARN_ENUM_CONVERSION = YES;
				CLANG_WARN_INFINITE_RECURSION = YES;
				CLANG_WARN_INT_CONVERSION = YES;
				CLANG_WARN_NON_LITERAL_NULL_CONVERSION = YES;
				CLANG_WARN_OBJC_IMPLICIT_RETAIN_SELF = YES;
				CLANG_WARN_OBJC_LITERAL_CONVERSION = YES;
				CLANG_WARN_OBJC_ROOT_CLASS = YES_ERROR;
				CLANG_WARN_QUOTED_INCLUDE_IN_FRAMEWORK_HEADER = YES;
				CLANG_WARN_RANGE_LOOP_ANALYSIS = YES;
				CLANG_WARN_STRICT_PROTOTYPES = YES;
				CLANG_WARN_SUSPICIOUS_MOVE = YES;
				CLANG_WARN_UNGUARDED_AVAILABILITY = YES_AGGRESSIVE;
				CLANG_WARN_UNREACHABLE_CODE = YES;
				CLANG_WARN__DUPLICATE_METHOD_MATCH = YES;
				COPY_PHASE_STRIP = NO;
				DEBUG_INFORMATION_FORMAT = dwarf;
				ENABLE_STRICT_OBJC_MSGSEND = YES;
				ENABLE_TESTABILITY = YES;
				ENABLE_USER_SCRIPT_SANDBOXING = YES;
				GCC_C_LANGUAGE_STANDARD = gnu17;
				GCC_DYNAMIC_NO_PIC = NO;
				GCC_NO_COMMON_BLOCKS = YES;
				GCC_OPTIMIZATION_LEVEL = 0;
				GCC_PREPROCESSOR_DEFINITIONS = (
					"DEBUG=1",
					"$(inherited)",
				);
				GCC_WARN_64_TO_32_BIT_CONVERSION = YES;
				GCC_WARN_ABOUT_RETURN_TYPE = YES_ERROR;
				GCC_WARN_UNDECLARED_SELECTOR = YES;
				GCC_WARN_UNINITIALIZED_AUTOS = YES_AGGRESSIVE;
				GCC_WARN_UNUSED_FUNCTION = YES;
				GCC_WARN_UNUSED_VARIABLE = YES;
				IPHONEOS_DEPLOYMENT_TARGET = 17.5;
				LOCALIZATION_PREFERS_STRING_CATALOGS = YES;
				MTL_ENABLE_DEBUG_INFO = INCLUDE_SOURCE;
				MTL_FAST_MATH = YES;
				ONLY_ACTIVE_ARCH = YES;
				SDKROOT = iphoneos;
				SWIFT_ACTIVE_COMPILATION_CONDITIONS = "DEBUG $(inherited)";
				SWIFT_OPTIMIZATION_LEVEL = "-Onone";
			};
			name = Debug;
		};
		BD0D63F62C3CB6E5004D3EE6 /* Release */ = {
			isa = XCBuildConfiguration;
			buildSettings = {
				ALWAYS_SEARCH_USER_PATHS = NO;
				ASSETCATALOG_COMPILER_GENERATE_SWIFT_ASSET_SYMBOL_EXTENSIONS = YES;
				CLANG_ANALYZER_NONNULL = YES;
				CLANG_ANALYZER_NUMBER_OBJECT_CONVERSION = YES_AGGRESSIVE;
				CLANG_CXX_LANGUAGE_STANDARD = "gnu++20";
				CLANG_ENABLE_MODULES = YES;
				CLANG_ENABLE_OBJC_ARC = YES;
				CLANG_ENABLE_OBJC_WEAK = YES;
				CLANG_WARN_BLOCK_CAPTURE_AUTORELEASING = YES;
				CLANG_WARN_BOOL_CONVERSION = YES;
				CLANG_WARN_COMMA = YES;
				CLANG_WARN_CONSTANT_CONVERSION = YES;
				CLANG_WARN_DEPRECATED_OBJC_IMPLEMENTATIONS = YES;
				CLANG_WARN_DIRECT_OBJC_ISA_USAGE = YES_ERROR;
				CLANG_WARN_DOCUMENTATION_COMMENTS = YES;
				CLANG_WARN_EMPTY_BODY = YES;
				CLANG_WARN_ENUM_CONVERSION = YES;
				CLANG_WARN_INFINITE_RECURSION = YES;
				CLANG_WARN_INT_CONVERSION = YES;
				CLANG_WARN_NON_LITERAL_NULL_CONVERSION = YES;
				CLANG_WARN_OBJC_IMPLICIT_RETAIN_SELF = YES;
				CLANG_WARN_OBJC_LITERAL_CONVERSION = YES;
				CLANG_WARN_OBJC_ROOT_CLASS = YES_ERROR;
				CLANG_WARN_QUOTED_INCLUDE_IN_FRAMEWORK_HEADER = YES;
				CLANG_WARN_RANGE_LOOP_ANALYSIS = YES;
				CLANG_WARN_STRICT_PROTOTYPES = YES;
				CLANG_WARN_SUSPICIOUS_MOVE = YES;
				CLANG_WARN_UNGUARDED_AVAILABILITY = YES_AGGRESSIVE;
				CLANG_WARN_UNREACHABLE_CODE = YES;
				CLANG_WARN__DUPLICATE_METHOD_MATCH = YES;
				COPY_PHASE_STRIP = NO;
				DEBUG_INFORMATION_FORMAT = "dwarf-with-dsym";
				ENABLE_NS_ASSERTIONS = NO;
				ENABLE_STRICT_OBJC_MSGSEND = YES;
				ENABLE_USER_SCRIPT_SANDBOXING = YES;
				GCC_C_LANGUAGE_STANDARD = gnu17;
				GCC_NO_COMMON_BLOCKS = YES;
				GCC_WARN_64_TO_32_BIT_CONVERSION = YES;
				GCC_WARN_ABOUT_RETURN_TYPE = YES_ERROR;
				GCC_WARN_UNDECLARED_SELECTOR = YES;
				GCC_WARN_UNINITIALIZED_AUTOS = YES_AGGRESSIVE;
				GCC_WARN_UNUSED_FUNCTION = YES;
				GCC_WARN_UNUSED_VARIABLE = YES;
				IPHONEOS_DEPLOYMENT_TARGET = 17.5;
				LOCALIZATION_PREFERS_STRING_CATALOGS = YES;
				MTL_ENABLE_DEBUG_INFO = NO;
				MTL_FAST_MATH = YES;
				SDKROOT = iphoneos;
				SWIFT_COMPILATION_MODE = wholemodule;
				VALIDATE_PRODUCT = YES;
			};
			name = Release;
		};
		BD0D63F82C3CB6E5004D3EE6 /* Debug */ = {
			isa = XCBuildConfiguration;
			buildSettings = {
				ASSETCATALOG_COMPILER_APPICON_NAME = AppIcon;
				ASSETCATALOG_COMPILER_GLOBAL_ACCENT_COLOR_NAME = AccentColor;
				CODE_SIGN_ENTITLEMENTS = BasketStat_UIKit/BasketStat_UIKit.entitlements;
				CODE_SIGN_STYLE = Automatic;
				CURRENT_PROJECT_VERSION = 1;
				DEVELOPMENT_TEAM = U6NUHA5DNR;
				ENABLE_USER_SCRIPT_SANDBOXING = NO;
				GENERATE_INFOPLIST_FILE = YES;
				INFOPLIST_FILE = BasketStat_UIKit/Info.plist;
				INFOPLIST_KEY_UIApplicationSupportsIndirectInputEvents = YES;
				INFOPLIST_KEY_UILaunchStoryboardName = LaunchScreen;
				INFOPLIST_KEY_UIStatusBarStyle = "";
				INFOPLIST_KEY_UISupportedInterfaceOrientations_iPad = "UIInterfaceOrientationPortrait UIInterfaceOrientationPortraitUpsideDown UIInterfaceOrientationLandscapeLeft UIInterfaceOrientationLandscapeRight";
				INFOPLIST_KEY_UISupportedInterfaceOrientations_iPhone = "UIInterfaceOrientationPortrait UIInterfaceOrientationLandscapeLeft UIInterfaceOrientationLandscapeRight";
				IPHONEOS_DEPLOYMENT_TARGET = 17.4;
				LD_RUNPATH_SEARCH_PATHS = (
					"$(inherited)",
					"@executable_path/Frameworks",
				);
				MARKETING_VERSION = 1.0;
				PRODUCT_BUNDLE_IDENTIFIER = com.wan.BasketStat;
				PRODUCT_NAME = "$(TARGET_NAME)";
				SWIFT_EMIT_LOC_STRINGS = YES;
				SWIFT_VERSION = 5.0;
				TARGETED_DEVICE_FAMILY = "1,2";
			};
			name = Debug;
		};
		BD0D63F92C3CB6E5004D3EE6 /* Release */ = {
			isa = XCBuildConfiguration;
			buildSettings = {
				ASSETCATALOG_COMPILER_APPICON_NAME = AppIcon;
				ASSETCATALOG_COMPILER_GLOBAL_ACCENT_COLOR_NAME = AccentColor;
				CODE_SIGN_ENTITLEMENTS = BasketStat_UIKit/BasketStat_UIKit.entitlements;
				CODE_SIGN_STYLE = Automatic;
				CURRENT_PROJECT_VERSION = 1;
				DEVELOPMENT_TEAM = U6NUHA5DNR;
				ENABLE_USER_SCRIPT_SANDBOXING = NO;
				GENERATE_INFOPLIST_FILE = YES;
				INFOPLIST_FILE = BasketStat_UIKit/Info.plist;
				INFOPLIST_KEY_UIApplicationSupportsIndirectInputEvents = YES;
				INFOPLIST_KEY_UILaunchStoryboardName = LaunchScreen;
				INFOPLIST_KEY_UIStatusBarStyle = "";
				INFOPLIST_KEY_UISupportedInterfaceOrientations_iPad = "UIInterfaceOrientationPortrait UIInterfaceOrientationPortraitUpsideDown UIInterfaceOrientationLandscapeLeft UIInterfaceOrientationLandscapeRight";
				INFOPLIST_KEY_UISupportedInterfaceOrientations_iPhone = "UIInterfaceOrientationPortrait UIInterfaceOrientationLandscapeLeft UIInterfaceOrientationLandscapeRight";
				IPHONEOS_DEPLOYMENT_TARGET = 17.4;
				LD_RUNPATH_SEARCH_PATHS = (
					"$(inherited)",
					"@executable_path/Frameworks",
				);
				MARKETING_VERSION = 1.0;
				PRODUCT_BUNDLE_IDENTIFIER = com.wan.BasketStat;
				PRODUCT_NAME = "$(TARGET_NAME)";
				SWIFT_EMIT_LOC_STRINGS = YES;
				SWIFT_VERSION = 5.0;
				TARGETED_DEVICE_FAMILY = "1,2";
			};
			name = Release;
		};
		BD0D63FB2C3CB6E5004D3EE6 /* Debug */ = {
			isa = XCBuildConfiguration;
			buildSettings = {
				ALWAYS_EMBED_SWIFT_STANDARD_LIBRARIES = YES;
				BUNDLE_LOADER = "$(TEST_HOST)";
				CODE_SIGN_STYLE = Automatic;
				CURRENT_PROJECT_VERSION = 1;
				GENERATE_INFOPLIST_FILE = YES;
				IPHONEOS_DEPLOYMENT_TARGET = 17.5;
				MARKETING_VERSION = 1.0;
				PRODUCT_BUNDLE_IDENTIFIER = "xx.BasketStat-UIKitTests";
				PRODUCT_NAME = "$(TARGET_NAME)";
				SWIFT_EMIT_LOC_STRINGS = NO;
				SWIFT_VERSION = 5.0;
				TARGETED_DEVICE_FAMILY = "1,2";
				TEST_HOST = "$(BUILT_PRODUCTS_DIR)/BasketStat_UIKit.app/$(BUNDLE_EXECUTABLE_FOLDER_PATH)/BasketStat_UIKit";
			};
			name = Debug;
		};
		BD0D63FC2C3CB6E5004D3EE6 /* Release */ = {
			isa = XCBuildConfiguration;
			buildSettings = {
				ALWAYS_EMBED_SWIFT_STANDARD_LIBRARIES = YES;
				BUNDLE_LOADER = "$(TEST_HOST)";
				CODE_SIGN_STYLE = Automatic;
				CURRENT_PROJECT_VERSION = 1;
				GENERATE_INFOPLIST_FILE = YES;
				IPHONEOS_DEPLOYMENT_TARGET = 17.5;
				MARKETING_VERSION = 1.0;
				PRODUCT_BUNDLE_IDENTIFIER = "xx.BasketStat-UIKitTests";
				PRODUCT_NAME = "$(TARGET_NAME)";
				SWIFT_EMIT_LOC_STRINGS = NO;
				SWIFT_VERSION = 5.0;
				TARGETED_DEVICE_FAMILY = "1,2";
				TEST_HOST = "$(BUILT_PRODUCTS_DIR)/BasketStat_UIKit.app/$(BUNDLE_EXECUTABLE_FOLDER_PATH)/BasketStat_UIKit";
			};
			name = Release;
		};
		BD0D63FE2C3CB6E5004D3EE6 /* Debug */ = {
			isa = XCBuildConfiguration;
			buildSettings = {
				ALWAYS_EMBED_SWIFT_STANDARD_LIBRARIES = YES;
				CODE_SIGN_STYLE = Automatic;
				CURRENT_PROJECT_VERSION = 1;
				GENERATE_INFOPLIST_FILE = YES;
				MARKETING_VERSION = 1.0;
				PRODUCT_BUNDLE_IDENTIFIER = "xx.BasketStat-UIKitUITests";
				PRODUCT_NAME = "$(TARGET_NAME)";
				SWIFT_EMIT_LOC_STRINGS = NO;
				SWIFT_VERSION = 5.0;
				TARGETED_DEVICE_FAMILY = "1,2";
				TEST_TARGET_NAME = BasketStat_UIKit;
			};
			name = Debug;
		};
		BD0D63FF2C3CB6E5004D3EE6 /* Release */ = {
			isa = XCBuildConfiguration;
			buildSettings = {
				ALWAYS_EMBED_SWIFT_STANDARD_LIBRARIES = YES;
				CODE_SIGN_STYLE = Automatic;
				CURRENT_PROJECT_VERSION = 1;
				GENERATE_INFOPLIST_FILE = YES;
				MARKETING_VERSION = 1.0;
				PRODUCT_BUNDLE_IDENTIFIER = "xx.BasketStat-UIKitUITests";
				PRODUCT_NAME = "$(TARGET_NAME)";
				SWIFT_EMIT_LOC_STRINGS = NO;
				SWIFT_VERSION = 5.0;
				TARGETED_DEVICE_FAMILY = "1,2";
				TEST_TARGET_NAME = BasketStat_UIKit;
			};
			name = Release;
		};
/* End XCBuildConfiguration section */

/* Begin XCConfigurationList section */
		BD0D63C82C3CB6E4004D3EE6 /* Build configuration list for PBXProject "BasketStat_UIKit" */ = {
			isa = XCConfigurationList;
			buildConfigurations = (
				BD0D63F52C3CB6E5004D3EE6 /* Debug */,
				BD0D63F62C3CB6E5004D3EE6 /* Release */,
			);
			defaultConfigurationIsVisible = 0;
			defaultConfigurationName = Release;
		};
		BD0D63F72C3CB6E5004D3EE6 /* Build configuration list for PBXNativeTarget "BasketStat_UIKit" */ = {
			isa = XCConfigurationList;
			buildConfigurations = (
				BD0D63F82C3CB6E5004D3EE6 /* Debug */,
				BD0D63F92C3CB6E5004D3EE6 /* Release */,
			);
			defaultConfigurationIsVisible = 0;
			defaultConfigurationName = Release;
		};
		BD0D63FA2C3CB6E5004D3EE6 /* Build configuration list for PBXNativeTarget "BasketStat_UIKitTests" */ = {
			isa = XCConfigurationList;
			buildConfigurations = (
				BD0D63FB2C3CB6E5004D3EE6 /* Debug */,
				BD0D63FC2C3CB6E5004D3EE6 /* Release */,
			);
			defaultConfigurationIsVisible = 0;
			defaultConfigurationName = Release;
		};
		BD0D63FD2C3CB6E5004D3EE6 /* Build configuration list for PBXNativeTarget "BasketStat_UIKitUITests" */ = {
			isa = XCConfigurationList;
			buildConfigurations = (
				BD0D63FE2C3CB6E5004D3EE6 /* Debug */,
				BD0D63FF2C3CB6E5004D3EE6 /* Release */,
			);
			defaultConfigurationIsVisible = 0;
			defaultConfigurationName = Release;
		};
/* End XCConfigurationList section */

/* Begin XCRemoteSwiftPackageReference section */
		BD3572A82C463A3A004CB49F /* XCRemoteSwiftPackageReference "kakao-ios-sdk" */ = {
			isa = XCRemoteSwiftPackageReference;
			repositoryURL = "https://github.com/kakao/kakao-ios-sdk";
			requirement = {
				kind = upToNextMajorVersion;
				minimumVersion = 2.22.4;
			};
		};
		BD3572AD2C463A5B004CB49F /* XCRemoteSwiftPackageReference "GoogleSignIn-iOS" */ = {
			isa = XCRemoteSwiftPackageReference;
			repositoryURL = "https://github.com/google/GoogleSignIn-iOS";
			requirement = {
				kind = upToNextMajorVersion;
				minimumVersion = 7.1.0;
			};
		};
		BD3572B02C463A67004CB49F /* XCRemoteSwiftPackageReference "SnapKit" */ = {
			isa = XCRemoteSwiftPackageReference;
			repositoryURL = "https://github.com/SnapKit/SnapKit.git";
			requirement = {
				kind = upToNextMajorVersion;
				minimumVersion = 5.7.1;
			};
		};
		BD3572B32C463A72004CB49F /* XCRemoteSwiftPackageReference "Then" */ = {
			isa = XCRemoteSwiftPackageReference;
			repositoryURL = "https://github.com/devxoul/Then.git";
			requirement = {
				kind = upToNextMajorVersion;
				minimumVersion = 3.0.0;
			};
		};
		BD3572B62C463AAE004CB49F /* XCRemoteSwiftPackageReference "RxSwift" */ = {
			isa = XCRemoteSwiftPackageReference;
			repositoryURL = "https://github.com/ReactiveX/RxSwift";
			requirement = {
				kind = upToNextMajorVersion;
				minimumVersion = 6.7.1;
			};
		};
		BD3572BB2C463AC4004CB49F /* XCRemoteSwiftPackageReference "ReactorKit" */ = {
			isa = XCRemoteSwiftPackageReference;
			repositoryURL = "https://github.com/ReactorKit/ReactorKit";
			requirement = {
				kind = upToNextMajorVersion;
				minimumVersion = 3.2.0;
			};
		};
		BD3572BE2C463AEF004CB49F /* XCRemoteSwiftPackageReference "Moya" */ = {
			isa = XCRemoteSwiftPackageReference;
			repositoryURL = "https://github.com/Moya/Moya";
			requirement = {
				kind = upToNextMajorVersion;
				minimumVersion = 15.0.3;
			};
		};
		BD3572C52C463B32004CB49F /* XCRemoteSwiftPackageReference "firebase-ios-sdk" */ = {
			isa = XCRemoteSwiftPackageReference;
			repositoryURL = "https://github.com/firebase/firebase-ios-sdk";
			requirement = {
				kind = upToNextMajorVersion;
				minimumVersion = 10.29.0;
			};
		};
/* End XCRemoteSwiftPackageReference section */

/* Begin XCSwiftPackageProductDependency section */
		BD3572A92C463A3A004CB49F /* KakaoSDK */ = {
			isa = XCSwiftPackageProductDependency;
			package = BD3572A82C463A3A004CB49F /* XCRemoteSwiftPackageReference "kakao-ios-sdk" */;
			productName = KakaoSDK;
		};
		BD3572AB2C463A3A004CB49F /* KakaoSDKAuth */ = {
			isa = XCSwiftPackageProductDependency;
			package = BD3572A82C463A3A004CB49F /* XCRemoteSwiftPackageReference "kakao-ios-sdk" */;
			productName = KakaoSDKAuth;
		};
		BD3572AE2C463A5B004CB49F /* GoogleSignIn */ = {
			isa = XCSwiftPackageProductDependency;
			package = BD3572AD2C463A5B004CB49F /* XCRemoteSwiftPackageReference "GoogleSignIn-iOS" */;
			productName = GoogleSignIn;
		};
		BD3572B12C463A67004CB49F /* SnapKit */ = {
			isa = XCSwiftPackageProductDependency;
			package = BD3572B02C463A67004CB49F /* XCRemoteSwiftPackageReference "SnapKit" */;
			productName = SnapKit;
		};
		BD3572B42C463A72004CB49F /* Then */ = {
			isa = XCSwiftPackageProductDependency;
			package = BD3572B32C463A72004CB49F /* XCRemoteSwiftPackageReference "Then" */;
			productName = Then;
		};
		BD3572B72C463AAE004CB49F /* RxCocoa */ = {
			isa = XCSwiftPackageProductDependency;
			package = BD3572B62C463AAE004CB49F /* XCRemoteSwiftPackageReference "RxSwift" */;
			productName = RxCocoa;
		};
		BD3572B92C463AAE004CB49F /* RxSwift */ = {
			isa = XCSwiftPackageProductDependency;
			package = BD3572B62C463AAE004CB49F /* XCRemoteSwiftPackageReference "RxSwift" */;
			productName = RxSwift;
		};
		BD3572BC2C463AC4004CB49F /* ReactorKit */ = {
			isa = XCSwiftPackageProductDependency;
			package = BD3572BB2C463AC4004CB49F /* XCRemoteSwiftPackageReference "ReactorKit" */;
			productName = ReactorKit;
		};
		BD3572BF2C463AEF004CB49F /* Moya */ = {
			isa = XCSwiftPackageProductDependency;
			package = BD3572BE2C463AEF004CB49F /* XCRemoteSwiftPackageReference "Moya" */;
			productName = Moya;
		};
		BD3572C12C463AEF004CB49F /* ReactiveMoya */ = {
			isa = XCSwiftPackageProductDependency;
			package = BD3572BE2C463AEF004CB49F /* XCRemoteSwiftPackageReference "Moya" */;
			productName = ReactiveMoya;
		};
		BD3572C32C463AEF004CB49F /* RxMoya */ = {
			isa = XCSwiftPackageProductDependency;
			package = BD3572BE2C463AEF004CB49F /* XCRemoteSwiftPackageReference "Moya" */;
			productName = RxMoya;
		};
		BD3572C62C463B32004CB49F /* FirebaseAuth */ = {
			isa = XCSwiftPackageProductDependency;
			package = BD3572C52C463B32004CB49F /* XCRemoteSwiftPackageReference "firebase-ios-sdk" */;
			productName = FirebaseAuth;
		};
/* End XCSwiftPackageProductDependency section */
	};
	rootObject = BD0D63C52C3CB6E4004D3EE6 /* Project object */;
}
